// !$*UTF8*$!
{
	archiveVersion = 1;
	classes = {
	};
	objectVersion = 46;
	objects = {

/* Begin PBXBuildFile section */
		866921241D834B3100FECA51 /* AppDelegate.swift in Sources */ = {isa = PBXBuildFile; fileRef = 866921231D834B3100FECA51 /* AppDelegate.swift */; };
		866921261D834B3100FECA51 /* ViewController.swift in Sources */ = {isa = PBXBuildFile; fileRef = 866921251D834B3100FECA51 /* ViewController.swift */; };
		866921291D834B3100FECA51 /* Main.storyboard in Resources */ = {isa = PBXBuildFile; fileRef = 866921271D834B3100FECA51 /* Main.storyboard */; };
		8669212B1D834B3100FECA51 /* Assets.xcassets in Resources */ = {isa = PBXBuildFile; fileRef = 8669212A1D834B3100FECA51 /* Assets.xcassets */; };
		8669212E1D834B3100FECA51 /* LaunchScreen.storyboard in Resources */ = {isa = PBXBuildFile; fileRef = 8669212C1D834B3100FECA51 /* LaunchScreen.storyboard */; };
		866921391D834B3100FECA51 /* Lab2Tests.swift in Sources */ = {isa = PBXBuildFile; fileRef = 866921381D834B3100FECA51 /* Lab2Tests.swift */; };
		866921441D834B3100FECA51 /* Lab2UITests.swift in Sources */ = {isa = PBXBuildFile; fileRef = 866921431D834B3100FECA51 /* Lab2UITests.swift */; };
/* End PBXBuildFile section */

/* Begin PBXContainerItemProxy section */
		866921351D834B3100FECA51 /* PBXContainerItemProxy */ = {
			isa = PBXContainerItemProxy;
			containerPortal = 866921181D834B3100FECA51 /* Project object */;
			proxyType = 1;
			remoteGlobalIDString = 8669211F1D834B3100FECA51;
			remoteInfo = Lab2;
		};
		866921401D834B3100FECA51 /* PBXContainerItemProxy */ = {
			isa = PBXContainerItemProxy;
			containerPortal = 866921181D834B3100FECA51 /* Project object */;
			proxyType = 1;
			remoteGlobalIDString = 8669211F1D834B3100FECA51;
			remoteInfo = Lab2;
		};
/* End PBXContainerItemProxy section */

/* Begin PBXFileReference section */
		866921201D834B3100FECA51 /* Lab2.app */ = {isa = PBXFileReference; explicitFileType = wrapper.application; includeInIndex = 0; path = Lab2.app; sourceTree = BUILT_PRODUCTS_DIR; };
		866921231D834B3100FECA51 /* AppDelegate.swift */ = {isa = PBXFileReference; lastKnownFileType = sourcecode.swift; path = AppDelegate.swift; sourceTree = "<group>"; };
		866921251D834B3100FECA51 /* ViewController.swift */ = {isa = PBXFileReference; lastKnownFileType = sourcecode.swift; path = ViewController.swift; sourceTree = "<group>"; };
		866921281D834B3100FECA51 /* Base */ = {isa = PBXFileReference; lastKnownFileType = file.storyboard; name = Base; path = Base.lproj/Main.storyboard; sourceTree = "<group>"; };
		8669212A1D834B3100FECA51 /* Assets.xcassets */ = {isa = PBXFileReference; lastKnownFileType = folder.assetcatalog; path = Assets.xcassets; sourceTree = "<group>"; };
		8669212D1D834B3100FECA51 /* Base */ = {isa = PBXFileReference; lastKnownFileType = file.storyboard; name = Base; path = Base.lproj/LaunchScreen.storyboard; sourceTree = "<group>"; };
		8669212F1D834B3100FECA51 /* Info.plist */ = {isa = PBXFileReference; lastKnownFileType = text.plist.xml; path = Info.plist; sourceTree = "<group>"; };
		866921341D834B3100FECA51 /* Lab2Tests.xctest */ = {isa = PBXFileReference; explicitFileType = wrapper.cfbundle; includeInIndex = 0; path = Lab2Tests.xctest; sourceTree = BUILT_PRODUCTS_DIR; };
		866921381D834B3100FECA51 /* Lab2Tests.swift */ = {isa = PBXFileReference; lastKnownFileType = sourcecode.swift; path = Lab2Tests.swift; sourceTree = "<group>"; };
		8669213A1D834B3100FECA51 /* Info.plist */ = {isa = PBXFileReference; lastKnownFileType = text.plist.xml; path = Info.plist; sourceTree = "<group>"; };
		8669213F1D834B3100FECA51 /* Lab2UITests.xctest */ = {isa = PBXFileReference; explicitFileType = wrapper.cfbundle; includeInIndex = 0; path = Lab2UITests.xctest; sourceTree = BUILT_PRODUCTS_DIR; };
		866921431D834B3100FECA51 /* Lab2UITests.swift */ = {isa = PBXFileReference; lastKnownFileType = sourcecode.swift; path = Lab2UITests.swift; sourceTree = "<group>"; };
		866921451D834B3100FECA51 /* Info.plist */ = {isa = PBXFileReference; lastKnownFileType = text.plist.xml; path = Info.plist; sourceTree = "<group>"; };
/* End PBXFileReference section */

/* Begin PBXFrameworksBuildPhase section */
		8669211D1D834B3100FECA51 /* Frameworks */ = {
			isa = PBXFrameworksBuildPhase;
			buildActionMask = 2147483647;
			files = (
			);
			runOnlyForDeploymentPostprocessing = 0;
		};
		866921311D834B3100FECA51 /* Frameworks */ = {
			isa = PBXFrameworksBuildPhase;
			buildActionMask = 2147483647;
			files = (
			);
			runOnlyForDeploymentPostprocessing = 0;
		};
		8669213C1D834B3100FECA51 /* Frameworks */ = {
			isa = PBXFrameworksBuildPhase;
			buildActionMask = 2147483647;
			files = (
			);
			runOnlyForDeploymentPostprocessing = 0;
		};
/* End PBXFrameworksBuildPhase section */

/* Begin PBXGroup section */
		866921171D834B3100FECA51 = {
			isa = PBXGroup;
			children = (
				866921221D834B3100FECA51 /* Lab2 */,
				866921371D834B3100FECA51 /* Lab2Tests */,
				866921421D834B3100FECA51 /* Lab2UITests */,
				866921211D834B3100FECA51 /* Products */,
			);
			sourceTree = "<group>";
		};
		866921211D834B3100FECA51 /* Products */ = {
			isa = PBXGroup;
			children = (
				866921201D834B3100FECA51 /* Lab2.app */,
				866921341D834B3100FECA51 /* Lab2Tests.xctest */,
				8669213F1D834B3100FECA51 /* Lab2UITests.xctest */,
			);
			name = Products;
			sourceTree = "<group>";
		};
		866921221D834B3100FECA51 /* Lab2 */ = {
			isa = PBXGroup;
			children = (
				866921231D834B3100FECA51 /* AppDelegate.swift */,
				866921251D834B3100FECA51 /* ViewController.swift */,
				866921271D834B3100FECA51 /* Main.storyboard */,
				8669212A1D834B3100FECA51 /* Assets.xcassets */,
				8669212C1D834B3100FECA51 /* LaunchScreen.storyboard */,
				8669212F1D834B3100FECA51 /* Info.plist */,
			);
			path = Lab2;
			sourceTree = "<group>";
		};
		866921371D834B3100FECA51 /* Lab2Tests */ = {
			isa = PBXGroup;
			children = (
				866921381D834B3100FECA51 /* Lab2Tests.swift */,
				8669213A1D834B3100FECA51 /* Info.plist */,
			);
			path = Lab2Tests;
			sourceTree = "<group>";
		};
		866921421D834B3100FECA51 /* Lab2UITests */ = {
			isa = PBXGroup;
			children = (
				866921431D834B3100FECA51 /* Lab2UITests.swift */,
				866921451D834B3100FECA51 /* Info.plist */,
			);
			path = Lab2UITests;
			sourceTree = "<group>";
		};
/* End PBXGroup section */

/* Begin PBXNativeTarget section */
		8669211F1D834B3100FECA51 /* Lab2 */ = {
			isa = PBXNativeTarget;
			buildConfigurationList = 866921481D834B3100FECA51 /* Build configuration list for PBXNativeTarget "Lab2" */;
			buildPhases = (
				8669211C1D834B3100FECA51 /* Sources */,
				8669211D1D834B3100FECA51 /* Frameworks */,
				8669211E1D834B3100FECA51 /* Resources */,
			);
			buildRules = (
			);
			dependencies = (
			);
			name = Lab2;
			productName = Lab2;
			productReference = 866921201D834B3100FECA51 /* Lab2.app */;
			productType = "com.apple.product-type.application";
		};
		866921331D834B3100FECA51 /* Lab2Tests */ = {
			isa = PBXNativeTarget;
			buildConfigurationList = 8669214B1D834B3100FECA51 /* Build configuration list for PBXNativeTarget "Lab2Tests" */;
			buildPhases = (
				866921301D834B3100FECA51 /* Sources */,
				866921311D834B3100FECA51 /* Frameworks */,
				866921321D834B3100FECA51 /* Resources */,
			);
			buildRules = (
			);
			dependencies = (
				866921361D834B3100FECA51 /* PBXTargetDependency */,
			);
			name = Lab2Tests;
			productName = Lab2Tests;
			productReference = 866921341D834B3100FECA51 /* Lab2Tests.xctest */;
			productType = "com.apple.product-type.bundle.unit-test";
		};
		8669213E1D834B3100FECA51 /* Lab2UITests */ = {
			isa = PBXNativeTarget;
			buildConfigurationList = 8669214E1D834B3100FECA51 /* Build configuration list for PBXNativeTarget "Lab2UITests" */;
			buildPhases = (
				8669213B1D834B3100FECA51 /* Sources */,
				8669213C1D834B3100FECA51 /* Frameworks */,
				8669213D1D834B3100FECA51 /* Resources */,
			);
			buildRules = (
			);
			dependencies = (
				866921411D834B3100FECA51 /* PBXTargetDependency */,
			);
			name = Lab2UITests;
			productName = Lab2UITests;
			productReference = 8669213F1D834B3100FECA51 /* Lab2UITests.xctest */;
			productType = "com.apple.product-type.bundle.ui-testing";
		};
/* End PBXNativeTarget section */

/* Begin PBXProject section */
		866921181D834B3100FECA51 /* Project object */ = {
			isa = PBXProject;
			attributes = {
				LastSwiftUpdateCheck = 0730;
				LastUpgradeCheck = 0730;
				ORGANIZATIONNAME = "Rabin Ranabhat";
				TargetAttributes = {
					8669211F1D834B3100FECA51 = {
						CreatedOnToolsVersion = 7.3.1;
						DevelopmentTeam = 46Y66KGEW3;
					};
					866921331D834B3100FECA51 = {
						CreatedOnToolsVersion = 7.3.1;
						DevelopmentTeam = 46Y66KGEW3;
						TestTargetID = 8669211F1D834B3100FECA51;
					};
					8669213E1D834B3100FECA51 = {
						CreatedOnToolsVersion = 7.3.1;
						DevelopmentTeam = 46Y66KGEW3;
						TestTargetID = 8669211F1D834B3100FECA51;
					};
				};
			};
			buildConfigurationList = 8669211B1D834B3100FECA51 /* Build configuration list for PBXProject "Lab2" */;
			compatibilityVersion = "Xcode 3.2";
			developmentRegion = English;
			hasScannedForEncodings = 0;
			knownRegions = (
				en,
				Base,
			);
			mainGroup = 866921171D834B3100FECA51;
			productRefGroup = 866921211D834B3100FECA51 /* Products */;
			projectDirPath = "";
			projectRoot = "";
			targets = (
				8669211F1D834B3100FECA51 /* Lab2 */,
				866921331D834B3100FECA51 /* Lab2Tests */,
				8669213E1D834B3100FECA51 /* Lab2UITests */,
			);
		};
/* End PBXProject section */

/* Begin PBXResourcesBuildPhase section */
		8669211E1D834B3100FECA51 /* Resources */ = {
			isa = PBXResourcesBuildPhase;
			buildActionMask = 2147483647;
			files = (
				8669212E1D834B3100FECA51 /* LaunchScreen.storyboard in Resources */,
				8669212B1D834B3100FECA51 /* Assets.xcassets in Resources */,
				866921291D834B3100FECA51 /* Main.storyboard in Resources */,
			);
			runOnlyForDeploymentPostprocessing = 0;
		};
		866921321D834B3100FECA51 /* Resources */ = {
			isa = PBXResourcesBuildPhase;
			buildActionMask = 2147483647;
			files = (
			);
			runOnlyForDeploymentPostprocessing = 0;
		};
		8669213D1D834B3100FECA51 /* Resources */ = {
			isa = PBXResourcesBuildPhase;
			buildActionMask = 2147483647;
			files = (
			);
			runOnlyForDeploymentPostprocessing = 0;
		};
/* End PBXResourcesBuildPhase section */

/* Begin PBXSourcesBuildPhase section */
		8669211C1D834B3100FECA51 /* Sources */ = {
			isa = PBXSourcesBuildPhase;
			buildActionMask = 2147483647;
			files = (
				866921261D834B3100FECA51 /* ViewController.swift in Sources */,
				866921241D834B3100FECA51 /* AppDelegate.swift in Sources */,
			);
			runOnlyForDeploymentPostprocessing = 0;
		};
		866921301D834B3100FECA51 /* Sources */ = {
			isa = PBXSourcesBuildPhase;
			buildActionMask = 2147483647;
			files = (
				866921391D834B3100FECA51 /* Lab2Tests.swift in Sources */,
			);
			runOnlyForDeploymentPostprocessing = 0;
		};
		8669213B1D834B3100FECA51 /* Sources */ = {
			isa = PBXSourcesBuildPhase;
			buildActionMask = 2147483647;
			files = (
				866921441D834B3100FECA51 /* Lab2UITests.swift in Sources */,
			);
			runOnlyForDeploymentPostprocessing = 0;
		};
/* End PBXSourcesBuildPhase section */

/* Begin PBXTargetDependency section */
		866921361D834B3100FECA51 /* PBXTargetDependency */ = {
			isa = PBXTargetDependency;
			target = 8669211F1D834B3100FECA51 /* Lab2 */;
			targetProxy = 866921351D834B3100FECA51 /* PBXContainerItemProxy */;
		};
		866921411D834B3100FECA51 /* PBXTargetDependency */ = {
			isa = PBXTargetDependency;
			target = 8669211F1D834B3100FECA51 /* Lab2 */;
			targetProxy = 866921401D834B3100FECA51 /* PBXContainerItemProxy */;
		};
/* End PBXTargetDependency section */

/* Begin PBXVariantGroup section */
		866921271D834B3100FECA51 /* Main.storyboard */ = {
			isa = PBXVariantGroup;
			children = (
				866921281D834B3100FECA51 /* Base */,
			);
			name = Main.storyboard;
			sourceTree = "<group>";
		};
		8669212C1D834B3100FECA51 /* LaunchScreen.storyboard */ = {
			isa = PBXVariantGroup;
			children = (
				8669212D1D834B3100FECA51 /* Base */,
			);
			name = LaunchScreen.storyboard;
			sourceTree = "<group>";
		};
/* End PBXVariantGroup section */

/* Begin XCBuildConfiguration section */
		866921461D834B3100FECA51 /* Debug */ = {
			isa = XCBuildConfiguration;
			buildSettings = {
				ALWAYS_SEARCH_USER_PATHS = NO;
				CLANG_ANALYZER_NONNULL = YES;
				CLANG_CXX_LANGUAGE_STANDARD = "gnu++0x";
				CLANG_CXX_LIBRARY = "libc++";
				CLANG_ENABLE_MODULES = YES;
				CLANG_ENABLE_OBJC_ARC = YES;
				CLANG_WARN_BOOL_CONVERSION = YES;
				CLANG_WARN_CONSTANT_CONVERSION = YES;
				CLANG_WARN_DIRECT_OBJC_ISA_USAGE = YES_ERROR;
				CLANG_WARN_EMPTY_BODY = YES;
				CLANG_WARN_ENUM_CONVERSION = YES;
				CLANG_WARN_INT_CONVERSION = YES;
				CLANG_WARN_OBJC_ROOT_CLASS = YES_ERROR;
				CLANG_WARN_UNREACHABLE_CODE = YES;
				CLANG_WARN__DUPLICATE_METHOD_MATCH = YES;
				"CODE_SIGN_IDENTITY[sdk=iphoneos*]" = "iPhone Developer";
				COPY_PHASE_STRIP = NO;
				DEBUG_INFORMATION_FORMAT = dwarf;
				ENABLE_STRICT_OBJC_MSGSEND = YES;
				ENABLE_TESTABILITY = YES;
				GCC_C_LANGUAGE_STANDARD = gnu99;
				GCC_DYNAMIC_NO_PIC = NO;
				GCC_NO_COMMON_BLOCKS = YES;
				GCC_OPTIMIZATION_LEVEL = 0;
				GCC_PREPROCESSOR_DEFINITIONS = (
					"DEBUG=1",
					"$(inherited)",
				);
				GCC_WARN_64_TO_32_BIT_CONVERSION = YES;
				GCC_WARN_ABOUT_RETURN_TYPE = YES_ERROR;
				GCC_WARN_UNDECLARED_SELECTOR = YES;
				GCC_WARN_UNINITIALIZED_AUTOS = YES_AGGRESSIVE;
				GCC_WARN_UNUSED_FUNCTION = YES;
				GCC_WARN_UNUSED_VARIABLE = YES;
				IPHONEOS_DEPLOYMENT_TARGET = 9.3;
				MTL_ENABLE_DEBUG_INFO = YES;
				ONLY_ACTIVE_ARCH = YES;
				SDKROOT = iphoneos;
				SWIFT_OPTIMIZATION_LEVEL = "-Onone";
				TARGETED_DEVICE_FAMILY = "1,2";
			};
			name = Debug;
		};
		866921471D834B3100FECA51 /* Release */ = {
			isa = XCBuildConfiguration;
			buildSettings = {
				ALWAYS_SEARCH_USER_PATHS = NO;
				CLANG_ANALYZER_NONNULL = YES;
				CLANG_CXX_LANGUAGE_STANDARD = "gnu++0x";
				CLANG_CXX_LIBRARY = "libc++";
				CLANG_ENABLE_MODULES = YES;
				CLANG_ENABLE_OBJC_ARC = YES;
				CLANG_WARN_BOOL_CONVERSION = YES;
				CLANG_WARN_CONSTANT_CONVERSION = YES;
				CLANG_WARN_DIRECT_OBJC_ISA_USAGE = YES_ERROR;
				CLANG_WARN_EMPTY_BODY = YES;
				CLANG_WARN_ENUM_CONVERSION = YES;
				CLANG_WARN_INT_CONVERSION = YES;
				CLANG_WARN_OBJC_ROOT_CLASS = YES_ERROR;
				CLANG_WARN_UNREACHABLE_CODE = YES;
				CLANG_WARN__DUPLICATE_METHOD_MATCH = YES;
				"CODE_SIGN_IDENTITY[sdk=iphoneos*]" = "iPhone Developer";
				COPY_PHASE_STRIP = NO;
				DEBUG_INFORMATION_FORMAT = "dwarf-with-dsym";
				ENABLE_NS_ASSERTIONS = NO;
				ENABLE_STRICT_OBJC_MSGSEND = YES;
				GCC_C_LANGUAGE_STANDARD = gnu99;
				GCC_NO_COMMON_BLOCKS = YES;
				GCC_WARN_64_TO_32_BIT_CONVERSION = YES;
				GCC_WARN_ABOUT_RETURN_TYPE = YES_ERROR;
				GCC_WARN_UNDECLARED_SELECTOR = YES;
				GCC_WARN_UNINITIALIZED_AUTOS = YES_AGGRESSIVE;
				GCC_WARN_UNUSED_FUNCTION = YES;
				GCC_WARN_UNUSED_VARIABLE = YES;
				IPHONEOS_DEPLOYMENT_TARGET = 9.3;
				MTL_ENABLE_DEBUG_INFO = NO;
				SDKROOT = iphoneos;
				TARGETED_DEVICE_FAMILY = "1,2";
				VALIDATE_PRODUCT = YES;
			};
			name = Release;
		};
		866921491D834B3100FECA51 /* Debug */ = {
			isa = XCBuildConfiguration;
			buildSettings = {
				ASSETCATALOG_COMPILER_APPICON_NAME = AppIcon;
				INFOPLIST_FILE = Lab2/Info.plist;
				LD_RUNPATH_SEARCH_PATHS = "$(inherited) @executable_path/Frameworks";
				PRODUCT_BUNDLE_IDENTIFIER = RR.Lab2;
				PRODUCT_NAME = "$(TARGET_NAME)";
			};
			name = Debug;
		};
		8669214A1D834B3100FECA51 /* Release */ = {
			isa = XCBuildConfiguration;
			buildSettings = {
				ASSETCATALOG_COMPILER_APPICON_NAME = AppIcon;
				INFOPLIST_FILE = Lab2/Info.plist;
				LD_RUNPATH_SEARCH_PATHS = "$(inherited) @executable_path/Frameworks";
				PRODUCT_BUNDLE_IDENTIFIER = RR.Lab2;
				PRODUCT_NAME = "$(TARGET_NAME)";
			};
			name = Release;
		};
		8669214C1D834B3100FECA51 /* Debug */ = {
			isa = XCBuildConfiguration;
			buildSettings = {
				BUNDLE_LOADER = "$(TEST_HOST)";
				INFOPLIST_FILE = Lab2Tests/Info.plist;
				LD_RUNPATH_SEARCH_PATHS = "$(inherited) @executable_path/Frameworks @loader_path/Frameworks";
				PRODUCT_BUNDLE_IDENTIFIER = RR.Lab2Tests;
				PRODUCT_NAME = "$(TARGET_NAME)";
				TEST_HOST = "$(BUILT_PRODUCTS_DIR)/Lab2.app/Lab2";
			};
			name = Debug;
		};
		8669214D1D834B3100FECA51 /* Release */ = {
			isa = XCBuildConfiguration;
			buildSettings = {
				BUNDLE_LOADER = "$(TEST_HOST)";
				INFOPLIST_FILE = Lab2Tests/Info.plist;
				LD_RUNPATH_SEARCH_PATHS = "$(inherited) @executable_path/Frameworks @loader_path/Frameworks";
				PRODUCT_BUNDLE_IDENTIFIER = RR.Lab2Tests;
				PRODUCT_NAME = "$(TARGET_NAME)";
				TEST_HOST = "$(BUILT_PRODUCTS_DIR)/Lab2.app/Lab2";
			};
			name = Release;
		};
		8669214F1D834B3100FECA51 /* Debug */ = {
			isa = XCBuildConfiguration;
			buildSettings = {
				INFOPLIST_FILE = Lab2UITests/Info.plist;
				LD_RUNPATH_SEARCH_PATHS = "$(inherited) @executable_path/Frameworks @loader_path/Frameworks";
				PRODUCT_BUNDLE_IDENTIFIER = RR.Lab2UITests;
				PRODUCT_NAME = "$(TARGET_NAME)";
				TEST_TARGET_NAME = Lab2;
			};
			name = Debug;
		};
		866921501D834B3100FECA51 /* Release */ = {
			isa = XCBuildConfiguration;
			buildSettings = {
				INFOPLIST_FILE = Lab2UITests/Info.plist;
				LD_RUNPATH_SEARCH_PATHS = "$(inherited) @executable_path/Frameworks @loader_path/Frameworks";
				PRODUCT_BUNDLE_IDENTIFIER = RR.Lab2UITests;
				PRODUCT_NAME = "$(TARGET_NAME)";
				TEST_TARGET_NAME = Lab2;
			};
			name = Release;
		};
/* End XCBuildConfiguration section */

/* Begin XCConfigurationList section */
		8669211B1D834B3100FECA51 /* Build configuration list for PBXProject "Lab2" */ = {
			isa = XCConfigurationList;
			buildConfigurations = (
				866921461D834B3100FECA51 /* Debug */,
				866921471D834B3100FECA51 /* Release */,
			);
			defaultConfigurationIsVisible = 0;
			defaultConfigurationName = Release;
		};
		866921481D834B3100FECA51 /* Build configuration list for PBXNativeTarget "Lab2" */ = {
			isa = XCConfigurationList;
			buildConfigurations = (
				866921491D834B3100FECA51 /* Debug */,
				8669214A1D834B3100FECA51 /* Release */,
			);
			defaultConfigurationIsVisible = 0;
		};
		8669214B1D834B3100FECA51 /* Build configuration list for PBXNativeTarget "Lab2Tests" */ = {
			isa = XCConfigurationList;
			buildConfigurations = (
				8669214C1D834B3100FECA51 /* Debug */,
				8669214D1D834B3100FECA51 /* Release */,
			);
			defaultConfigurationIsVisible = 0;
		};
		8669214E1D834B3100FECA51 /* Build configuration list for PBXNativeTarget "Lab2UITests" */ = {
			isa = XCConfigurationList;
			buildConfigurations = (
				8669214F1D834B3100FECA51 /* Debug */,
				866921501D834B3100FECA51 /* Release */,
			);
			defaultConfigurationIsVisible = 0;
		};
/* End XCConfigurationList section */
	};
	rootObject = 866921181D834B3100FECA51 /* Project object */;
}
