// !$*UTF8*$!
{
	archiveVersion = 1;
	classes = {
	};
	objectVersion = 46;
	objects = {

/* Begin PBXBuildFile section */
		86123CA81D9B211600DB98F8 /* AppDelegate.swift in Sources */ = {isa = PBXBuildFile; fileRef = 86123CA71D9B211600DB98F8 /* AppDelegate.swift */; };
		86123CAA1D9B211600DB98F8 /* ViewController.swift in Sources */ = {isa = PBXBuildFile; fileRef = 86123CA91D9B211600DB98F8 /* ViewController.swift */; };
		86123CAD1D9B211600DB98F8 /* Main.storyboard in Resources */ = {isa = PBXBuildFile; fileRef = 86123CAB1D9B211600DB98F8 /* Main.storyboard */; };
		86123CB01D9B211B00DB98F8 /* Lab3.xcdatamodeld in Sources */ = {isa = PBXBuildFile; fileRef = 86123CAE1D9B211700DB98F8 /* Lab3.xcdatamodeld */; };
		86123CB21D9B212400DB98F8 /* Assets.xcassets in Resources */ = {isa = PBXBuildFile; fileRef = 86123CB11D9B212400DB98F8 /* Assets.xcassets */; };
		86123CB51D9B212400DB98F8 /* LaunchScreen.storyboard in Resources */ = {isa = PBXBuildFile; fileRef = 86123CB31D9B212400DB98F8 /* LaunchScreen.storyboard */; };
/* End PBXBuildFile section */

/* Begin PBXFileReference section */
		86123CA41D9B211600DB98F8 /* Lab3.app */ = {isa = PBXFileReference; explicitFileType = wrapper.application; includeInIndex = 0; path = Lab3.app; sourceTree = BUILT_PRODUCTS_DIR; };
		86123CA71D9B211600DB98F8 /* AppDelegate.swift */ = {isa = PBXFileReference; lastKnownFileType = sourcecode.swift; path = AppDelegate.swift; sourceTree = "<group>"; };
		86123CA91D9B211600DB98F8 /* ViewController.swift */ = {isa = PBXFileReference; lastKnownFileType = sourcecode.swift; path = ViewController.swift; sourceTree = "<group>"; };
		86123CAC1D9B211600DB98F8 /* Base */ = {isa = PBXFileReference; lastKnownFileType = file.storyboard; name = Base; path = Base.lproj/Main.storyboard; sourceTree = "<group>"; };
		86123CAF1D9B211700DB98F8 /* Lab3.xcdatamodel */ = {isa = PBXFileReference; lastKnownFileType = wrapper.xcdatamodel; path = Lab3.xcdatamodel; sourceTree = "<group>"; };
		86123CB11D9B212400DB98F8 /* Assets.xcassets */ = {isa = PBXFileReference; lastKnownFileType = folder.assetcatalog; path = Assets.xcassets; sourceTree = "<group>"; };
		86123CB41D9B212400DB98F8 /* Base */ = {isa = PBXFileReference; lastKnownFileType = file.storyboard; name = Base; path = Base.lproj/LaunchScreen.storyboard; sourceTree = "<group>"; };
		86123CB61D9B212400DB98F8 /* Info.plist */ = {isa = PBXFileReference; lastKnownFileType = text.plist.xml; path = Info.plist; sourceTree = "<group>"; };
/* End PBXFileReference section */

/* Begin PBXFrameworksBuildPhase section */
		86123CA11D9B211600DB98F8 /* Frameworks */ = {
			isa = PBXFrameworksBuildPhase;
			buildActionMask = 2147483647;
			files = (
			);
			runOnlyForDeploymentPostprocessing = 0;
		};
/* End PBXFrameworksBuildPhase section */

/* Begin PBXGroup section */
		86123C9B1D9B211500DB98F8 = {
			isa = PBXGroup;
			children = (
				86123CA61D9B211600DB98F8 /* Lab3 */,
				86123CA51D9B211600DB98F8 /* Products */,
			);
			sourceTree = "<group>";
		};
		86123CA51D9B211600DB98F8 /* Products */ = {
			isa = PBXGroup;
			children = (
				86123CA41D9B211600DB98F8 /* Lab3.app */,
			);
			name = Products;
			sourceTree = "<group>";
		};
		86123CA61D9B211600DB98F8 /* Lab3 */ = {
			isa = PBXGroup;
			children = (
				86123CA71D9B211600DB98F8 /* AppDelegate.swift */,
				86123CA91D9B211600DB98F8 /* ViewController.swift */,
				86123CAB1D9B211600DB98F8 /* Main.storyboard */,
				86123CB11D9B212400DB98F8 /* Assets.xcassets */,
				86123CB31D9B212400DB98F8 /* LaunchScreen.storyboard */,
				86123CB61D9B212400DB98F8 /* Info.plist */,
				86123CAE1D9B211700DB98F8 /* Lab3.xcdatamodeld */,
			);
			path = Lab3;
			sourceTree = "<group>";
		};
/* End PBXGroup section */

/* Begin PBXNativeTarget section */
		86123CA31D9B211600DB98F8 /* Lab3 */ = {
			isa = PBXNativeTarget;
			buildConfigurationList = 86123CB91D9B212400DB98F8 /* Build configuration list for PBXNativeTarget "Lab3" */;
			buildPhases = (
				86123CA01D9B211600DB98F8 /* Sources */,
				86123CA11D9B211600DB98F8 /* Frameworks */,
				86123CA21D9B211600DB98F8 /* Resources */,
			);
			buildRules = (
			);
			dependencies = (
			);
			name = Lab3;
			productName = Lab3;
			productReference = 86123CA41D9B211600DB98F8 /* Lab3.app */;
			productType = "com.apple.product-type.application";
		};
/* End PBXNativeTarget section */

/* Begin PBXProject section */
		86123C9C1D9B211500DB98F8 /* Project object */ = {
			isa = PBXProject;
			attributes = {
				LastSwiftUpdateCheck = 0730;
				LastUpgradeCheck = 0730;
				ORGANIZATIONNAME = "Rabin Ranabhat";
				TargetAttributes = {
					86123CA31D9B211600DB98F8 = {
						CreatedOnToolsVersion = 7.3.1;
						DevelopmentTeam = 46Y66KGEW3;
					};
				};
			};
			buildConfigurationList = 86123C9F1D9B211600DB98F8 /* Build configuration list for PBXProject "Lab3" */;
			compatibilityVersion = "Xcode 3.2";
			developmentRegion = English;
			hasScannedForEncodings = 0;
			knownRegions = (
				en,
				Base,
			);
			mainGroup = 86123C9B1D9B211500DB98F8;
			productRefGroup = 86123CA51D9B211600DB98F8 /* Products */;
			projectDirPath = "";
			projectRoot = "";
			targets = (
				86123CA31D9B211600DB98F8 /* Lab3 */,
			);
		};
/* End PBXProject section */

/* Begin PBXResourcesBuildPhase section */
		86123CA21D9B211600DB98F8 /* Resources */ = {
			isa = PBXResourcesBuildPhase;
			buildActionMask = 2147483647;
			files = (
				86123CB51D9B212400DB98F8 /* LaunchScreen.storyboard in Resources */,
				86123CB21D9B212400DB98F8 /* Assets.xcassets in Resources */,
				86123CAD1D9B211600DB98F8 /* Main.storyboard in Resources */,
			);
			runOnlyForDeploymentPostprocessing = 0;
		};
/* End PBXResourcesBuildPhase section */

/* Begin PBXSourcesBuildPhase section */
		86123CA01D9B211600DB98F8 /* Sources */ = {
			isa = PBXSourcesBuildPhase;
			buildActionMask = 2147483647;
			files = (
				86123CAA1D9B211600DB98F8 /* ViewController.swift in Sources */,
				86123CA81D9B211600DB98F8 /* AppDelegate.swift in Sources */,
				86123CB01D9B211B00DB98F8 /* Lab3.xcdatamodeld in Sources */,
			);
			runOnlyForDeploymentPostprocessing = 0;
		};
/* End PBXSourcesBuildPhase section */

/* Begin PBXVariantGroup section */
		86123CAB1D9B211600DB98F8 /* Main.storyboard */ = {
			isa = PBXVariantGroup;
			children = (
				86123CAC1D9B211600DB98F8 /* Base */,
			);
			name = Main.storyboard;
			sourceTree = "<group>";
		};
		86123CB31D9B212400DB98F8 /* LaunchScreen.storyboard */ = {
			isa = PBXVariantGroup;
			children = (
				86123CB41D9B212400DB98F8 /* Base */,
			);
			name = LaunchScreen.storyboard;
			sourceTree = "<group>";
		};
/* End PBXVariantGroup section */

/* Begin XCBuildConfiguration section */
		86123CB71D9B212400DB98F8 /* Debug */ = {
			isa = XCBuildConfiguration;
			buildSettings = {
				ALWAYS_SEARCH_USER_PATHS = NO;
				CLANG_ANALYZER_NONNULL = YES;
				CLANG_CXX_LANGUAGE_STANDARD = "gnu++0x";
				CLANG_CXX_LIBRARY = "libc++";
				CLANG_ENABLE_MODULES = YES;
				CLANG_ENABLE_OBJC_ARC = YES;
				CLANG_WARN_BOOL_CONVERSION = YES;
				CLANG_WARN_CONSTANT_CONVERSION = YES;
				CLANG_WARN_DIRECT_OBJC_ISA_USAGE = YES_ERROR;
				CLANG_WARN_EMPTY_BODY = YES;
				CLANG_WARN_ENUM_CONVERSION = YES;
				CLANG_WARN_INT_CONVERSION = YES;
				CLANG_WARN_OBJC_ROOT_CLASS = YES_ERROR;
				CLANG_WARN_UNREACHABLE_CODE = YES;
				CLANG_WARN__DUPLICATE_METHOD_MATCH = YES;
				"CODE_SIGN_IDENTITY[sdk=iphoneos*]" = "iPhone Developer";
				COPY_PHASE_STRIP = NO;
				DEBUG_INFORMATION_FORMAT = dwarf;
				ENABLE_STRICT_OBJC_MSGSEND = YES;
				ENABLE_TESTABILITY = YES;
				GCC_C_LANGUAGE_STANDARD = gnu99;
				GCC_DYNAMIC_NO_PIC = NO;
				GCC_NO_COMMON_BLOCKS = YES;
				GCC_OPTIMIZATION_LEVEL = 0;
				GCC_PREPROCESSOR_DEFINITIONS = (
					"DEBUG=1",
					"$(inherited)",
				);
				GCC_WARN_64_TO_32_BIT_CONVERSION = YES;
				GCC_WARN_ABOUT_RETURN_TYPE = YES_ERROR;
				GCC_WARN_UNDECLARED_SELECTOR = YES;
				GCC_WARN_UNINITIALIZED_AUTOS = YES_AGGRESSIVE;
				GCC_WARN_UNUSED_FUNCTION = YES;
				GCC_WARN_UNUSED_VARIABLE = YES;
				IPHONEOS_DEPLOYMENT_TARGET = 9.3;
				MTL_ENABLE_DEBUG_INFO = YES;
				ONLY_ACTIVE_ARCH = YES;
				SDKROOT = iphoneos;
				SWIFT_OPTIMIZATION_LEVEL = "-Onone";
				TARGETED_DEVICE_FAMILY = "1,2";
			};
			name = Debug;
		};
		86123CB81D9B212400DB98F8 /* Release */ = {
			isa = XCBuildConfiguration;
			buildSettings = {
				ALWAYS_SEARCH_USER_PATHS = NO;
				CLANG_ANALYZER_NONNULL = YES;
				CLANG_CXX_LANGUAGE_STANDARD = "gnu++0x";
				CLANG_CXX_LIBRARY = "libc++";
				CLANG_ENABLE_MODULES = YES;
				CLANG_ENABLE_OBJC_ARC = YES;
				CLANG_WARN_BOOL_CONVERSION = YES;
				CLANG_WARN_CONSTANT_CONVERSION = YES;
				CLANG_WARN_DIRECT_OBJC_ISA_USAGE = YES_ERROR;
				CLANG_WARN_EMPTY_BODY = YES;
				CLANG_WARN_ENUM_CONVERSION = YES;
				CLANG_WARN_INT_CONVERSION = YES;
				CLANG_WARN_OBJC_ROOT_CLASS = YES_ERROR;
				CLANG_WARN_UNREACHABLE_CODE = YES;
				CLANG_WARN__DUPLICATE_METHOD_MATCH = YES;
				"CODE_SIGN_IDENTITY[sdk=iphoneos*]" = "iPhone Developer";
				COPY_PHASE_STRIP = NO;
				DEBUG_INFORMATION_FORMAT = "dwarf-with-dsym";
				ENABLE_NS_ASSERTIONS = NO;
				ENABLE_STRICT_OBJC_MSGSEND = YES;
				GCC_C_LANGUAGE_STANDARD = gnu99;
				GCC_NO_COMMON_BLOCKS = YES;
				GCC_WARN_64_TO_32_BIT_CONVERSION = YES;
				GCC_WARN_ABOUT_RETURN_TYPE = YES_ERROR;
				GCC_WARN_UNDECLARED_SELECTOR = YES;
				GCC_WARN_UNINITIALIZED_AUTOS = YES_AGGRESSIVE;
				GCC_WARN_UNUSED_FUNCTION = YES;
				GCC_WARN_UNUSED_VARIABLE = YES;
				IPHONEOS_DEPLOYMENT_TARGET = 9.3;
				MTL_ENABLE_DEBUG_INFO = NO;
				SDKROOT = iphoneos;
				TARGETED_DEVICE_FAMILY = "1,2";
				VALIDATE_PRODUCT = YES;
			};
			name = Release;
		};
		86123CBA1D9B212400DB98F8 /* Debug */ = {
			isa = XCBuildConfiguration;
			buildSettings = {
				ASSETCATALOG_COMPILER_APPICON_NAME = AppIcon;
				INFOPLIST_FILE = Lab3/Info.plist;
				LD_RUNPATH_SEARCH_PATHS = "$(inherited) @executable_path/Frameworks";
				PRODUCT_BUNDLE_IDENTIFIER = RR.Lab3;
				PRODUCT_NAME = "$(TARGET_NAME)";
			};
			name = Debug;
		};
		86123CBB1D9B212400DB98F8 /* Release */ = {
			isa = XCBuildConfiguration;
			buildSettings = {
				ASSETCATALOG_COMPILER_APPICON_NAME = AppIcon;
				INFOPLIST_FILE = Lab3/Info.plist;
				LD_RUNPATH_SEARCH_PATHS = "$(inherited) @executable_path/Frameworks";
				PRODUCT_BUNDLE_IDENTIFIER = RR.Lab3;
				PRODUCT_NAME = "$(TARGET_NAME)";
			};
			name = Release;
		};
/* End XCBuildConfiguration section */

/* Begin XCConfigurationList section */
		86123C9F1D9B211600DB98F8 /* Build configuration list for PBXProject "Lab3" */ = {
			isa = XCConfigurationList;
			buildConfigurations = (
				86123CB71D9B212400DB98F8 /* Debug */,
				86123CB81D9B212400DB98F8 /* Release */,
			);
			defaultConfigurationIsVisible = 0;
			defaultConfigurationName = Release;
		};
		86123CB91D9B212400DB98F8 /* Build configuration list for PBXNativeTarget "Lab3" */ = {
			isa = XCConfigurationList;
			buildConfigurations = (
				86123CBA1D9B212400DB98F8 /* Debug */,
				86123CBB1D9B212400DB98F8 /* Release */,
			);
			defaultConfigurationIsVisible = 0;
		};
/* End XCConfigurationList section */

/* Begin XCVersionGroup section */
		86123CAE1D9B211700DB98F8 /* Lab3.xcdatamodeld */ = {
			isa = XCVersionGroup;
			children = (
				86123CAF1D9B211700DB98F8 /* Lab3.xcdatamodel */,
			);
			currentVersion = 86123CAF1D9B211700DB98F8 /* Lab3.xcdatamodel */;
			path = Lab3.xcdatamodeld;
			sourceTree = "<group>";
			versionGroupType = wrapper.xcdatamodel;
		};
/* End XCVersionGroup section */
	};
	rootObject = 86123C9C1D9B211500DB98F8 /* Project object */;
}
