// !$*UTF8*$!
{
	archiveVersion = 1;
	classes = {
	};
	objectVersion = 46;
	objects = {

/* Begin PBXBuildFile section */
		86E222B11D7092850060DAF8 /* AppDelegate.swift in Sources */ = {isa = PBXBuildFile; fileRef = 86E222B01D7092850060DAF8 /* AppDelegate.swift */; };
		86E222B31D7092850060DAF8 /* ViewController.swift in Sources */ = {isa = PBXBuildFile; fileRef = 86E222B21D7092850060DAF8 /* ViewController.swift */; };
		86E222B61D7092850060DAF8 /* Main.storyboard in Resources */ = {isa = PBXBuildFile; fileRef = 86E222B41D7092850060DAF8 /* Main.storyboard */; };
		86E222B81D7092850060DAF8 /* Assets.xcassets in Resources */ = {isa = PBXBuildFile; fileRef = 86E222B71D7092850060DAF8 /* Assets.xcassets */; };
		86E222BB1D7092850060DAF8 /* LaunchScreen.storyboard in Resources */ = {isa = PBXBuildFile; fileRef = 86E222B91D7092850060DAF8 /* LaunchScreen.storyboard */; };
		86E222C61D7092850060DAF8 /* firstApplicationTests.swift in Sources */ = {isa = PBXBuildFile; fileRef = 86E222C51D7092850060DAF8 /* firstApplicationTests.swift */; };
		86E222D11D7092850060DAF8 /* firstApplicationUITests.swift in Sources */ = {isa = PBXBuildFile; fileRef = 86E222D01D7092850060DAF8 /* firstApplicationUITests.swift */; };
/* End PBXBuildFile section */

/* Begin PBXContainerItemProxy section */
		86E222C21D7092850060DAF8 /* PBXContainerItemProxy */ = {
			isa = PBXContainerItemProxy;
			containerPortal = 86E222A51D7092850060DAF8 /* Project object */;
			proxyType = 1;
			remoteGlobalIDString = 86E222AC1D7092850060DAF8;
			remoteInfo = firstApplication;
		};
		86E222CD1D7092850060DAF8 /* PBXContainerItemProxy */ = {
			isa = PBXContainerItemProxy;
			containerPortal = 86E222A51D7092850060DAF8 /* Project object */;
			proxyType = 1;
			remoteGlobalIDString = 86E222AC1D7092850060DAF8;
			remoteInfo = firstApplication;
		};
/* End PBXContainerItemProxy section */

/* Begin PBXFileReference section */
		86E222AD1D7092850060DAF8 /* firstApplication.app */ = {isa = PBXFileReference; explicitFileType = wrapper.application; includeInIndex = 0; path = firstApplication.app; sourceTree = BUILT_PRODUCTS_DIR; };
		86E222B01D7092850060DAF8 /* AppDelegate.swift */ = {isa = PBXFileReference; lastKnownFileType = sourcecode.swift; path = AppDelegate.swift; sourceTree = "<group>"; };
		86E222B21D7092850060DAF8 /* ViewController.swift */ = {isa = PBXFileReference; lastKnownFileType = sourcecode.swift; path = ViewController.swift; sourceTree = "<group>"; };
		86E222B51D7092850060DAF8 /* Base */ = {isa = PBXFileReference; lastKnownFileType = file.storyboard; name = Base; path = Base.lproj/Main.storyboard; sourceTree = "<group>"; };
		86E222B71D7092850060DAF8 /* Assets.xcassets */ = {isa = PBXFileReference; lastKnownFileType = folder.assetcatalog; path = Assets.xcassets; sourceTree = "<group>"; };
		86E222BA1D7092850060DAF8 /* Base */ = {isa = PBXFileReference; lastKnownFileType = file.storyboard; name = Base; path = Base.lproj/LaunchScreen.storyboard; sourceTree = "<group>"; };
		86E222BC1D7092850060DAF8 /* Info.plist */ = {isa = PBXFileReference; lastKnownFileType = text.plist.xml; path = Info.plist; sourceTree = "<group>"; };
		86E222C11D7092850060DAF8 /* firstApplicationTests.xctest */ = {isa = PBXFileReference; explicitFileType = wrapper.cfbundle; includeInIndex = 0; path = firstApplicationTests.xctest; sourceTree = BUILT_PRODUCTS_DIR; };
		86E222C51D7092850060DAF8 /* firstApplicationTests.swift */ = {isa = PBXFileReference; lastKnownFileType = sourcecode.swift; path = firstApplicationTests.swift; sourceTree = "<group>"; };
		86E222C71D7092850060DAF8 /* Info.plist */ = {isa = PBXFileReference; lastKnownFileType = text.plist.xml; path = Info.plist; sourceTree = "<group>"; };
		86E222CC1D7092850060DAF8 /* firstApplicationUITests.xctest */ = {isa = PBXFileReference; explicitFileType = wrapper.cfbundle; includeInIndex = 0; path = firstApplicationUITests.xctest; sourceTree = BUILT_PRODUCTS_DIR; };
		86E222D01D7092850060DAF8 /* firstApplicationUITests.swift */ = {isa = PBXFileReference; lastKnownFileType = sourcecode.swift; path = firstApplicationUITests.swift; sourceTree = "<group>"; };
		86E222D21D7092850060DAF8 /* Info.plist */ = {isa = PBXFileReference; lastKnownFileType = text.plist.xml; path = Info.plist; sourceTree = "<group>"; };
/* End PBXFileReference section */

/* Begin PBXFrameworksBuildPhase section */
		86E222AA1D7092850060DAF8 /* Frameworks */ = {
			isa = PBXFrameworksBuildPhase;
			buildActionMask = 2147483647;
			files = (
			);
			runOnlyForDeploymentPostprocessing = 0;
		};
		86E222BE1D7092850060DAF8 /* Frameworks */ = {
			isa = PBXFrameworksBuildPhase;
			buildActionMask = 2147483647;
			files = (
			);
			runOnlyForDeploymentPostprocessing = 0;
		};
		86E222C91D7092850060DAF8 /* Frameworks */ = {
			isa = PBXFrameworksBuildPhase;
			buildActionMask = 2147483647;
			files = (
			);
			runOnlyForDeploymentPostprocessing = 0;
		};
/* End PBXFrameworksBuildPhase section */

/* Begin PBXGroup section */
		86E222A41D7092850060DAF8 = {
			isa = PBXGroup;
			children = (
				86E222AF1D7092850060DAF8 /* firstApplication */,
				86E222C41D7092850060DAF8 /* firstApplicationTests */,
				86E222CF1D7092850060DAF8 /* firstApplicationUITests */,
				86E222AE1D7092850060DAF8 /* Products */,
			);
			sourceTree = "<group>";
		};
		86E222AE1D7092850060DAF8 /* Products */ = {
			isa = PBXGroup;
			children = (
				86E222AD1D7092850060DAF8 /* firstApplication.app */,
				86E222C11D7092850060DAF8 /* firstApplicationTests.xctest */,
				86E222CC1D7092850060DAF8 /* firstApplicationUITests.xctest */,
			);
			name = Products;
			sourceTree = "<group>";
		};
		86E222AF1D7092850060DAF8 /* firstApplication */ = {
			isa = PBXGroup;
			children = (
				86E222B01D7092850060DAF8 /* AppDelegate.swift */,
				86E222B21D7092850060DAF8 /* ViewController.swift */,
				86E222B41D7092850060DAF8 /* Main.storyboard */,
				86E222B71D7092850060DAF8 /* Assets.xcassets */,
				86E222B91D7092850060DAF8 /* LaunchScreen.storyboard */,
				86E222BC1D7092850060DAF8 /* Info.plist */,
			);
			path = firstApplication;
			sourceTree = "<group>";
		};
		86E222C41D7092850060DAF8 /* firstApplicationTests */ = {
			isa = PBXGroup;
			children = (
				86E222C51D7092850060DAF8 /* firstApplicationTests.swift */,
				86E222C71D7092850060DAF8 /* Info.plist */,
			);
			path = firstApplicationTests;
			sourceTree = "<group>";
		};
		86E222CF1D7092850060DAF8 /* firstApplicationUITests */ = {
			isa = PBXGroup;
			children = (
				86E222D01D7092850060DAF8 /* firstApplicationUITests.swift */,
				86E222D21D7092850060DAF8 /* Info.plist */,
			);
			path = firstApplicationUITests;
			sourceTree = "<group>";
		};
/* End PBXGroup section */

/* Begin PBXNativeTarget section */
		86E222AC1D7092850060DAF8 /* firstApplication */ = {
			isa = PBXNativeTarget;
			buildConfigurationList = 86E222D51D7092850060DAF8 /* Build configuration list for PBXNativeTarget "firstApplication" */;
			buildPhases = (
				86E222A91D7092850060DAF8 /* Sources */,
				86E222AA1D7092850060DAF8 /* Frameworks */,
				86E222AB1D7092850060DAF8 /* Resources */,
			);
			buildRules = (
			);
			dependencies = (
			);
			name = firstApplication;
			productName = firstApplication;
			productReference = 86E222AD1D7092850060DAF8 /* firstApplication.app */;
			productType = "com.apple.product-type.application";
		};
		86E222C01D7092850060DAF8 /* firstApplicationTests */ = {
			isa = PBXNativeTarget;
			buildConfigurationList = 86E222D81D7092850060DAF8 /* Build configuration list for PBXNativeTarget "firstApplicationTests" */;
			buildPhases = (
				86E222BD1D7092850060DAF8 /* Sources */,
				86E222BE1D7092850060DAF8 /* Frameworks */,
				86E222BF1D7092850060DAF8 /* Resources */,
			);
			buildRules = (
			);
			dependencies = (
				86E222C31D7092850060DAF8 /* PBXTargetDependency */,
			);
			name = firstApplicationTests;
			productName = firstApplicationTests;
			productReference = 86E222C11D7092850060DAF8 /* firstApplicationTests.xctest */;
			productType = "com.apple.product-type.bundle.unit-test";
		};
		86E222CB1D7092850060DAF8 /* firstApplicationUITests */ = {
			isa = PBXNativeTarget;
			buildConfigurationList = 86E222DB1D7092850060DAF8 /* Build configuration list for PBXNativeTarget "firstApplicationUITests" */;
			buildPhases = (
				86E222C81D7092850060DAF8 /* Sources */,
				86E222C91D7092850060DAF8 /* Frameworks */,
				86E222CA1D7092850060DAF8 /* Resources */,
			);
			buildRules = (
			);
			dependencies = (
				86E222CE1D7092850060DAF8 /* PBXTargetDependency */,
			);
			name = firstApplicationUITests;
			productName = firstApplicationUITests;
			productReference = 86E222CC1D7092850060DAF8 /* firstApplicationUITests.xctest */;
			productType = "com.apple.product-type.bundle.ui-testing";
		};
/* End PBXNativeTarget section */

/* Begin PBXProject section */
		86E222A51D7092850060DAF8 /* Project object */ = {
			isa = PBXProject;
			attributes = {
				LastSwiftUpdateCheck = 0730;
				LastUpgradeCheck = 0730;
				ORGANIZATIONNAME = "Rabin Ranabhat";
				TargetAttributes = {
					86E222AC1D7092850060DAF8 = {
						CreatedOnToolsVersion = 7.3.1;
					};
					86E222C01D7092850060DAF8 = {
						CreatedOnToolsVersion = 7.3.1;
						TestTargetID = 86E222AC1D7092850060DAF8;
					};
					86E222CB1D7092850060DAF8 = {
						CreatedOnToolsVersion = 7.3.1;
						TestTargetID = 86E222AC1D7092850060DAF8;
					};
				};
			};
			buildConfigurationList = 86E222A81D7092850060DAF8 /* Build configuration list for PBXProject "firstApplication" */;
			compatibilityVersion = "Xcode 3.2";
			developmentRegion = English;
			hasScannedForEncodings = 0;
			knownRegions = (
				en,
				Base,
			);
			mainGroup = 86E222A41D7092850060DAF8;
			productRefGroup = 86E222AE1D7092850060DAF8 /* Products */;
			projectDirPath = "";
			projectRoot = "";
			targets = (
				86E222AC1D7092850060DAF8 /* firstApplication */,
				86E222C01D7092850060DAF8 /* firstApplicationTests */,
				86E222CB1D7092850060DAF8 /* firstApplicationUITests */,
			);
		};
/* End PBXProject section */

/* Begin PBXResourcesBuildPhase section */
		86E222AB1D7092850060DAF8 /* Resources */ = {
			isa = PBXResourcesBuildPhase;
			buildActionMask = 2147483647;
			files = (
				86E222BB1D7092850060DAF8 /* LaunchScreen.storyboard in Resources */,
				86E222B81D7092850060DAF8 /* Assets.xcassets in Resources */,
				86E222B61D7092850060DAF8 /* Main.storyboard in Resources */,
			);
			runOnlyForDeploymentPostprocessing = 0;
		};
		86E222BF1D7092850060DAF8 /* Resources */ = {
			isa = PBXResourcesBuildPhase;
			buildActionMask = 2147483647;
			files = (
			);
			runOnlyForDeploymentPostprocessing = 0;
		};
		86E222CA1D7092850060DAF8 /* Resources */ = {
			isa = PBXResourcesBuildPhase;
			buildActionMask = 2147483647;
			files = (
			);
			runOnlyForDeploymentPostprocessing = 0;
		};
/* End PBXResourcesBuildPhase section */

/* Begin PBXSourcesBuildPhase section */
		86E222A91D7092850060DAF8 /* Sources */ = {
			isa = PBXSourcesBuildPhase;
			buildActionMask = 2147483647;
			files = (
				86E222B31D7092850060DAF8 /* ViewController.swift in Sources */,
				86E222B11D7092850060DAF8 /* AppDelegate.swift in Sources */,
			);
			runOnlyForDeploymentPostprocessing = 0;
		};
		86E222BD1D7092850060DAF8 /* Sources */ = {
			isa = PBXSourcesBuildPhase;
			buildActionMask = 2147483647;
			files = (
				86E222C61D7092850060DAF8 /* firstApplicationTests.swift in Sources */,
			);
			runOnlyForDeploymentPostprocessing = 0;
		};
		86E222C81D7092850060DAF8 /* Sources */ = {
			isa = PBXSourcesBuildPhase;
			buildActionMask = 2147483647;
			files = (
				86E222D11D7092850060DAF8 /* firstApplicationUITests.swift in Sources */,
			);
			runOnlyForDeploymentPostprocessing = 0;
		};
/* End PBXSourcesBuildPhase section */

/* Begin PBXTargetDependency section */
		86E222C31D7092850060DAF8 /* PBXTargetDependency */ = {
			isa = PBXTargetDependency;
			target = 86E222AC1D7092850060DAF8 /* firstApplication */;
			targetProxy = 86E222C21D7092850060DAF8 /* PBXContainerItemProxy */;
		};
		86E222CE1D7092850060DAF8 /* PBXTargetDependency */ = {
			isa = PBXTargetDependency;
			target = 86E222AC1D7092850060DAF8 /* firstApplication */;
			targetProxy = 86E222CD1D7092850060DAF8 /* PBXContainerItemProxy */;
		};
/* End PBXTargetDependency section */

/* Begin PBXVariantGroup section */
		86E222B41D7092850060DAF8 /* Main.storyboard */ = {
			isa = PBXVariantGroup;
			children = (
				86E222B51D7092850060DAF8 /* Base */,
			);
			name = Main.storyboard;
			sourceTree = "<group>";
		};
		86E222B91D7092850060DAF8 /* LaunchScreen.storyboard */ = {
			isa = PBXVariantGroup;
			children = (
				86E222BA1D7092850060DAF8 /* Base */,
			);
			name = LaunchScreen.storyboard;
			sourceTree = "<group>";
		};
/* End PBXVariantGroup section */

/* Begin XCBuildConfiguration section */
		86E222D31D7092850060DAF8 /* Debug */ = {
			isa = XCBuildConfiguration;
			buildSettings = {
				ALWAYS_SEARCH_USER_PATHS = NO;
				CLANG_ANALYZER_NONNULL = YES;
				CLANG_CXX_LANGUAGE_STANDARD = "gnu++0x";
				CLANG_CXX_LIBRARY = "libc++";
				CLANG_ENABLE_MODULES = YES;
				CLANG_ENABLE_OBJC_ARC = YES;
				CLANG_WARN_BOOL_CONVERSION = YES;
				CLANG_WARN_CONSTANT_CONVERSION = YES;
				CLANG_WARN_DIRECT_OBJC_ISA_USAGE = YES_ERROR;
				CLANG_WARN_EMPTY_BODY = YES;
				CLANG_WARN_ENUM_CONVERSION = YES;
				CLANG_WARN_INT_CONVERSION = YES;
				CLANG_WARN_OBJC_ROOT_CLASS = YES_ERROR;
				CLANG_WARN_UNREACHABLE_CODE = YES;
				CLANG_WARN__DUPLICATE_METHOD_MATCH = YES;
				"CODE_SIGN_IDENTITY[sdk=iphoneos*]" = "iPhone Developer";
				COPY_PHASE_STRIP = NO;
				DEBUG_INFORMATION_FORMAT = dwarf;
				ENABLE_STRICT_OBJC_MSGSEND = YES;
				ENABLE_TESTABILITY = YES;
				GCC_C_LANGUAGE_STANDARD = gnu99;
				GCC_DYNAMIC_NO_PIC = NO;
				GCC_NO_COMMON_BLOCKS = YES;
				GCC_OPTIMIZATION_LEVEL = 0;
				GCC_PREPROCESSOR_DEFINITIONS = (
					"DEBUG=1",
					"$(inherited)",
				);
				GCC_WARN_64_TO_32_BIT_CONVERSION = YES;
				GCC_WARN_ABOUT_RETURN_TYPE = YES_ERROR;
				GCC_WARN_UNDECLARED_SELECTOR = YES;
				GCC_WARN_UNINITIALIZED_AUTOS = YES_AGGRESSIVE;
				GCC_WARN_UNUSED_FUNCTION = YES;
				GCC_WARN_UNUSED_VARIABLE = YES;
				IPHONEOS_DEPLOYMENT_TARGET = 9.3;
				MTL_ENABLE_DEBUG_INFO = YES;
				ONLY_ACTIVE_ARCH = YES;
				SDKROOT = iphoneos;
				SWIFT_OPTIMIZATION_LEVEL = "-Onone";
				TARGETED_DEVICE_FAMILY = "1,2";
			};
			name = Debug;
		};
		86E222D41D7092850060DAF8 /* Release */ = {
			isa = XCBuildConfiguration;
			buildSettings = {
				ALWAYS_SEARCH_USER_PATHS = NO;
				CLANG_ANALYZER_NONNULL = YES;
				CLANG_CXX_LANGUAGE_STANDARD = "gnu++0x";
				CLANG_CXX_LIBRARY = "libc++";
				CLANG_ENABLE_MODULES = YES;
				CLANG_ENABLE_OBJC_ARC = YES;
				CLANG_WARN_BOOL_CONVERSION = YES;
				CLANG_WARN_CONSTANT_CONVERSION = YES;
				CLANG_WARN_DIRECT_OBJC_ISA_USAGE = YES_ERROR;
				CLANG_WARN_EMPTY_BODY = YES;
				CLANG_WARN_ENUM_CONVERSION = YES;
				CLANG_WARN_INT_CONVERSION = YES;
				CLANG_WARN_OBJC_ROOT_CLASS = YES_ERROR;
				CLANG_WARN_UNREACHABLE_CODE = YES;
				CLANG_WARN__DUPLICATE_METHOD_MATCH = YES;
				"CODE_SIGN_IDENTITY[sdk=iphoneos*]" = "iPhone Developer";
				COPY_PHASE_STRIP = NO;
				DEBUG_INFORMATION_FORMAT = "dwarf-with-dsym";
				ENABLE_NS_ASSERTIONS = NO;
				ENABLE_STRICT_OBJC_MSGSEND = YES;
				GCC_C_LANGUAGE_STANDARD = gnu99;
				GCC_NO_COMMON_BLOCKS = YES;
				GCC_WARN_64_TO_32_BIT_CONVERSION = YES;
				GCC_WARN_ABOUT_RETURN_TYPE = YES_ERROR;
				GCC_WARN_UNDECLARED_SELECTOR = YES;
				GCC_WARN_UNINITIALIZED_AUTOS = YES_AGGRESSIVE;
				GCC_WARN_UNUSED_FUNCTION = YES;
				GCC_WARN_UNUSED_VARIABLE = YES;
				IPHONEOS_DEPLOYMENT_TARGET = 9.3;
				MTL_ENABLE_DEBUG_INFO = NO;
				SDKROOT = iphoneos;
				TARGETED_DEVICE_FAMILY = "1,2";
				VALIDATE_PRODUCT = YES;
			};
			name = Release;
		};
		86E222D61D7092850060DAF8 /* Debug */ = {
			isa = XCBuildConfiguration;
			buildSettings = {
				ASSETCATALOG_COMPILER_APPICON_NAME = AppIcon;
				INFOPLIST_FILE = firstApplication/Info.plist;
				LD_RUNPATH_SEARCH_PATHS = "$(inherited) @executable_path/Frameworks";
				PRODUCT_BUNDLE_IDENTIFIER = RR.firstApplication;
				PRODUCT_NAME = "$(TARGET_NAME)";
			};
			name = Debug;
		};
		86E222D71D7092850060DAF8 /* Release */ = {
			isa = XCBuildConfiguration;
			buildSettings = {
				ASSETCATALOG_COMPILER_APPICON_NAME = AppIcon;
				INFOPLIST_FILE = firstApplication/Info.plist;
				LD_RUNPATH_SEARCH_PATHS = "$(inherited) @executable_path/Frameworks";
				PRODUCT_BUNDLE_IDENTIFIER = RR.firstApplication;
				PRODUCT_NAME = "$(TARGET_NAME)";
			};
			name = Release;
		};
		86E222D91D7092850060DAF8 /* Debug */ = {
			isa = XCBuildConfiguration;
			buildSettings = {
				BUNDLE_LOADER = "$(TEST_HOST)";
				INFOPLIST_FILE = firstApplicationTests/Info.plist;
				LD_RUNPATH_SEARCH_PATHS = "$(inherited) @executable_path/Frameworks @loader_path/Frameworks";
				PRODUCT_BUNDLE_IDENTIFIER = RR.firstApplicationTests;
				PRODUCT_NAME = "$(TARGET_NAME)";
				TEST_HOST = "$(BUILT_PRODUCTS_DIR)/firstApplication.app/firstApplication";
			};
			name = Debug;
		};
		86E222DA1D7092850060DAF8 /* Release */ = {
			isa = XCBuildConfiguration;
			buildSettings = {
				BUNDLE_LOADER = "$(TEST_HOST)";
				INFOPLIST_FILE = firstApplicationTests/Info.plist;
				LD_RUNPATH_SEARCH_PATHS = "$(inherited) @executable_path/Frameworks @loader_path/Frameworks";
				PRODUCT_BUNDLE_IDENTIFIER = RR.firstApplicationTests;
				PRODUCT_NAME = "$(TARGET_NAME)";
				TEST_HOST = "$(BUILT_PRODUCTS_DIR)/firstApplication.app/firstApplication";
			};
			name = Release;
		};
		86E222DC1D7092850060DAF8 /* Debug */ = {
			isa = XCBuildConfiguration;
			buildSettings = {
				INFOPLIST_FILE = firstApplicationUITests/Info.plist;
				LD_RUNPATH_SEARCH_PATHS = "$(inherited) @executable_path/Frameworks @loader_path/Frameworks";
				PRODUCT_BUNDLE_IDENTIFIER = RR.firstApplicationUITests;
				PRODUCT_NAME = "$(TARGET_NAME)";
				TEST_TARGET_NAME = firstApplication;
			};
			name = Debug;
		};
		86E222DD1D7092850060DAF8 /* Release */ = {
			isa = XCBuildConfiguration;
			buildSettings = {
				INFOPLIST_FILE = firstApplicationUITests/Info.plist;
				LD_RUNPATH_SEARCH_PATHS = "$(inherited) @executable_path/Frameworks @loader_path/Frameworks";
				PRODUCT_BUNDLE_IDENTIFIER = RR.firstApplicationUITests;
				PRODUCT_NAME = "$(TARGET_NAME)";
				TEST_TARGET_NAME = firstApplication;
			};
			name = Release;
		};
/* End XCBuildConfiguration section */

/* Begin XCConfigurationList section */
		86E222A81D7092850060DAF8 /* Build configuration list for PBXProject "firstApplication" */ = {
			isa = XCConfigurationList;
			buildConfigurations = (
				86E222D31D7092850060DAF8 /* Debug */,
				86E222D41D7092850060DAF8 /* Release */,
			);
			defaultConfigurationIsVisible = 0;
			defaultConfigurationName = Release;
		};
		86E222D51D7092850060DAF8 /* Build configuration list for PBXNativeTarget "firstApplication" */ = {
			isa = XCConfigurationList;
			buildConfigurations = (
				86E222D61D7092850060DAF8 /* Debug */,
				86E222D71D7092850060DAF8 /* Release */,
			);
			defaultConfigurationIsVisible = 0;
			defaultConfigurationName = Release;
		};
		86E222D81D7092850060DAF8 /* Build configuration list for PBXNativeTarget "firstApplicationTests" */ = {
			isa = XCConfigurationList;
			buildConfigurations = (
				86E222D91D7092850060DAF8 /* Debug */,
				86E222DA1D7092850060DAF8 /* Release */,
			);
			defaultConfigurationIsVisible = 0;
			defaultConfigurationName = Release;
		};
		86E222DB1D7092850060DAF8 /* Build configuration list for PBXNativeTarget "firstApplicationUITests" */ = {
			isa = XCConfigurationList;
			buildConfigurations = (
				86E222DC1D7092850060DAF8 /* Debug */,
				86E222DD1D7092850060DAF8 /* Release */,
			);
			defaultConfigurationIsVisible = 0;
			defaultConfigurationName = Release;
		};
/* End XCConfigurationList section */
	};
	rootObject = 86E222A51D7092850060DAF8 /* Project object */;
}
