// !$*UTF8*$!
{
	archiveVersion = 1;
	classes = {
	};
	objectVersion = 46;
	objects = {

/* Begin PBXBuildFile section */
		86123CC91D9B381F00DB98F8 /* AppDelegate.swift in Sources */ = {isa = PBXBuildFile; fileRef = 86123CC81D9B381F00DB98F8 /* AppDelegate.swift */; };
		86123CCB1D9B381F00DB98F8 /* ViewController.swift in Sources */ = {isa = PBXBuildFile; fileRef = 86123CCA1D9B381F00DB98F8 /* ViewController.swift */; };
		86123CCE1D9B381F00DB98F8 /* Main.storyboard in Resources */ = {isa = PBXBuildFile; fileRef = 86123CCC1D9B381F00DB98F8 /* Main.storyboard */; };
		86123CD11D9B381F00DB98F8 /* Project1.xcdatamodeld in Sources */ = {isa = PBXBuildFile; fileRef = 86123CCF1D9B381F00DB98F8 /* Project1.xcdatamodeld */; };
		86123CD31D9B382000DB98F8 /* Assets.xcassets in Resources */ = {isa = PBXBuildFile; fileRef = 86123CD21D9B382000DB98F8 /* Assets.xcassets */; };
		86123CD61D9B382000DB98F8 /* LaunchScreen.storyboard in Resources */ = {isa = PBXBuildFile; fileRef = 86123CD41D9B382000DB98F8 /* LaunchScreen.storyboard */; };
/* End PBXBuildFile section */

/* Begin PBXFileReference section */
		86123CC51D9B381F00DB98F8 /* Project1.app */ = {isa = PBXFileReference; explicitFileType = wrapper.application; includeInIndex = 0; path = Project1.app; sourceTree = BUILT_PRODUCTS_DIR; };
		86123CC81D9B381F00DB98F8 /* AppDelegate.swift */ = {isa = PBXFileReference; lastKnownFileType = sourcecode.swift; path = AppDelegate.swift; sourceTree = "<group>"; };
		86123CCA1D9B381F00DB98F8 /* ViewController.swift */ = {isa = PBXFileReference; lastKnownFileType = sourcecode.swift; path = ViewController.swift; sourceTree = "<group>"; };
		86123CCD1D9B381F00DB98F8 /* Base */ = {isa = PBXFileReference; lastKnownFileType = file.storyboard; name = Base; path = Base.lproj/Main.storyboard; sourceTree = "<group>"; };
		86123CD01D9B381F00DB98F8 /* Project1.xcdatamodel */ = {isa = PBXFileReference; lastKnownFileType = wrapper.xcdatamodel; path = Project1.xcdatamodel; sourceTree = "<group>"; };
		86123CD21D9B382000DB98F8 /* Assets.xcassets */ = {isa = PBXFileReference; lastKnownFileType = folder.assetcatalog; path = Assets.xcassets; sourceTree = "<group>"; };
		86123CD51D9B382000DB98F8 /* Base */ = {isa = PBXFileReference; lastKnownFileType = file.storyboard; name = Base; path = Base.lproj/LaunchScreen.storyboard; sourceTree = "<group>"; };
		86123CD71D9B382000DB98F8 /* Info.plist */ = {isa = PBXFileReference; lastKnownFileType = text.plist.xml; path = Info.plist; sourceTree = "<group>"; };
/* End PBXFileReference section */

/* Begin PBXFrameworksBuildPhase section */
		86123CC21D9B381F00DB98F8 /* Frameworks */ = {
			isa = PBXFrameworksBuildPhase;
			buildActionMask = 2147483647;
			files = (
			);
			runOnlyForDeploymentPostprocessing = 0;
		};
/* End PBXFrameworksBuildPhase section */

/* Begin PBXGroup section */
		86123CBC1D9B381F00DB98F8 = {
			isa = PBXGroup;
			children = (
				86123CC71D9B381F00DB98F8 /* Project1 */,
				86123CC61D9B381F00DB98F8 /* Products */,
			);
			sourceTree = "<group>";
		};
		86123CC61D9B381F00DB98F8 /* Products */ = {
			isa = PBXGroup;
			children = (
				86123CC51D9B381F00DB98F8 /* Project1.app */,
			);
			name = Products;
			sourceTree = "<group>";
		};
		86123CC71D9B381F00DB98F8 /* Project1 */ = {
			isa = PBXGroup;
			children = (
				86123CC81D9B381F00DB98F8 /* AppDelegate.swift */,
				86123CCA1D9B381F00DB98F8 /* ViewController.swift */,
				86123CCC1D9B381F00DB98F8 /* Main.storyboard */,
				86123CD21D9B382000DB98F8 /* Assets.xcassets */,
				86123CD41D9B382000DB98F8 /* LaunchScreen.storyboard */,
				86123CD71D9B382000DB98F8 /* Info.plist */,
				86123CCF1D9B381F00DB98F8 /* Project1.xcdatamodeld */,
			);
			path = Project1;
			sourceTree = "<group>";
		};
/* End PBXGroup section */

/* Begin PBXNativeTarget section */
		86123CC41D9B381F00DB98F8 /* Project1 */ = {
			isa = PBXNativeTarget;
			buildConfigurationList = 86123CDA1D9B382000DB98F8 /* Build configuration list for PBXNativeTarget "Project1" */;
			buildPhases = (
				86123CC11D9B381F00DB98F8 /* Sources */,
				86123CC21D9B381F00DB98F8 /* Frameworks */,
				86123CC31D9B381F00DB98F8 /* Resources */,
			);
			buildRules = (
			);
			dependencies = (
			);
			name = Project1;
			productName = Project1;
			productReference = 86123CC51D9B381F00DB98F8 /* Project1.app */;
			productType = "com.apple.product-type.application";
		};
/* End PBXNativeTarget section */

/* Begin PBXProject section */
		86123CBD1D9B381F00DB98F8 /* Project object */ = {
			isa = PBXProject;
			attributes = {
				LastSwiftUpdateCheck = 0730;
				LastUpgradeCheck = 0730;
				ORGANIZATIONNAME = "Rabin Ranabhat";
				TargetAttributes = {
					86123CC41D9B381F00DB98F8 = {
						CreatedOnToolsVersion = 7.3.1;
						DevelopmentTeam = 46Y66KGEW3;
					};
				};
			};
			buildConfigurationList = 86123CC01D9B381F00DB98F8 /* Build configuration list for PBXProject "Project1" */;
			compatibilityVersion = "Xcode 3.2";
			developmentRegion = English;
			hasScannedForEncodings = 0;
			knownRegions = (
				en,
				Base,
			);
			mainGroup = 86123CBC1D9B381F00DB98F8;
			productRefGroup = 86123CC61D9B381F00DB98F8 /* Products */;
			projectDirPath = "";
			projectRoot = "";
			targets = (
				86123CC41D9B381F00DB98F8 /* Project1 */,
			);
		};
/* End PBXProject section */

/* Begin PBXResourcesBuildPhase section */
		86123CC31D9B381F00DB98F8 /* Resources */ = {
			isa = PBXResourcesBuildPhase;
			buildActionMask = 2147483647;
			files = (
				86123CD61D9B382000DB98F8 /* LaunchScreen.storyboard in Resources */,
				86123CD31D9B382000DB98F8 /* Assets.xcassets in Resources */,
				86123CCE1D9B381F00DB98F8 /* Main.storyboard in Resources */,
			);
			runOnlyForDeploymentPostprocessing = 0;
		};
/* End PBXResourcesBuildPhase section */

/* Begin PBXSourcesBuildPhase section */
		86123CC11D9B381F00DB98F8 /* Sources */ = {
			isa = PBXSourcesBuildPhase;
			buildActionMask = 2147483647;
			files = (
				86123CCB1D9B381F00DB98F8 /* ViewController.swift in Sources */,
				86123CD11D9B381F00DB98F8 /* Project1.xcdatamodeld in Sources */,
				86123CC91D9B381F00DB98F8 /* AppDelegate.swift in Sources */,
			);
			runOnlyForDeploymentPostprocessing = 0;
		};
/* End PBXSourcesBuildPhase section */

/* Begin PBXVariantGroup section */
		86123CCC1D9B381F00DB98F8 /* Main.storyboard */ = {
			isa = PBXVariantGroup;
			children = (
				86123CCD1D9B381F00DB98F8 /* Base */,
			);
			name = Main.storyboard;
			sourceTree = "<group>";
		};
		86123CD41D9B382000DB98F8 /* LaunchScreen.storyboard */ = {
			isa = PBXVariantGroup;
			children = (
				86123CD51D9B382000DB98F8 /* Base */,
			);
			name = LaunchScreen.storyboard;
			sourceTree = "<group>";
		};
/* End PBXVariantGroup section */

/* Begin XCBuildConfiguration section */
		86123CD81D9B382000DB98F8 /* Debug */ = {
			isa = XCBuildConfiguration;
			buildSettings = {
				ALWAYS_SEARCH_USER_PATHS = NO;
				CLANG_ANALYZER_NONNULL = YES;
				CLANG_CXX_LANGUAGE_STANDARD = "gnu++0x";
				CLANG_CXX_LIBRARY = "libc++";
				CLANG_ENABLE_MODULES = YES;
				CLANG_ENABLE_OBJC_ARC = YES;
				CLANG_WARN_BOOL_CONVERSION = YES;
				CLANG_WARN_CONSTANT_CONVERSION = YES;
				CLANG_WARN_DIRECT_OBJC_ISA_USAGE = YES_ERROR;
				CLANG_WARN_EMPTY_BODY = YES;
				CLANG_WARN_ENUM_CONVERSION = YES;
				CLANG_WARN_INT_CONVERSION = YES;
				CLANG_WARN_OBJC_ROOT_CLASS = YES_ERROR;
				CLANG_WARN_UNREACHABLE_CODE = YES;
				CLANG_WARN__DUPLICATE_METHOD_MATCH = YES;
				"CODE_SIGN_IDENTITY[sdk=iphoneos*]" = "iPhone Developer";
				COPY_PHASE_STRIP = NO;
				DEBUG_INFORMATION_FORMAT = dwarf;
				ENABLE_STRICT_OBJC_MSGSEND = YES;
				ENABLE_TESTABILITY = YES;
				GCC_C_LANGUAGE_STANDARD = gnu99;
				GCC_DYNAMIC_NO_PIC = NO;
				GCC_NO_COMMON_BLOCKS = YES;
				GCC_OPTIMIZATION_LEVEL = 0;
				GCC_PREPROCESSOR_DEFINITIONS = (
					"DEBUG=1",
					"$(inherited)",
				);
				GCC_WARN_64_TO_32_BIT_CONVERSION = YES;
				GCC_WARN_ABOUT_RETURN_TYPE = YES_ERROR;
				GCC_WARN_UNDECLARED_SELECTOR = YES;
				GCC_WARN_UNINITIALIZED_AUTOS = YES_AGGRESSIVE;
				GCC_WARN_UNUSED_FUNCTION = YES;
				GCC_WARN_UNUSED_VARIABLE = YES;
				IPHONEOS_DEPLOYMENT_TARGET = 9.3;
				MTL_ENABLE_DEBUG_INFO = YES;
				ONLY_ACTIVE_ARCH = YES;
				SDKROOT = iphoneos;
				SWIFT_OPTIMIZATION_LEVEL = "-Onone";
				TARGETED_DEVICE_FAMILY = "1,2";
			};
			name = Debug;
		};
		86123CD91D9B382000DB98F8 /* Release */ = {
			isa = XCBuildConfiguration;
			buildSettings = {
				ALWAYS_SEARCH_USER_PATHS = NO;
				CLANG_ANALYZER_NONNULL = YES;
				CLANG_CXX_LANGUAGE_STANDARD = "gnu++0x";
				CLANG_CXX_LIBRARY = "libc++";
				CLANG_ENABLE_MODULES = YES;
				CLANG_ENABLE_OBJC_ARC = YES;
				CLANG_WARN_BOOL_CONVERSION = YES;
				CLANG_WARN_CONSTANT_CONVERSION = YES;
				CLANG_WARN_DIRECT_OBJC_ISA_USAGE = YES_ERROR;
				CLANG_WARN_EMPTY_BODY = YES;
				CLANG_WARN_ENUM_CONVERSION = YES;
				CLANG_WARN_INT_CONVERSION = YES;
				CLANG_WARN_OBJC_ROOT_CLASS = YES_ERROR;
				CLANG_WARN_UNREACHABLE_CODE = YES;
				CLANG_WARN__DUPLICATE_METHOD_MATCH = YES;
				"CODE_SIGN_IDENTITY[sdk=iphoneos*]" = "iPhone Developer";
				COPY_PHASE_STRIP = NO;
				DEBUG_INFORMATION_FORMAT = "dwarf-with-dsym";
				ENABLE_NS_ASSERTIONS = NO;
				ENABLE_STRICT_OBJC_MSGSEND = YES;
				GCC_C_LANGUAGE_STANDARD = gnu99;
				GCC_NO_COMMON_BLOCKS = YES;
				GCC_WARN_64_TO_32_BIT_CONVERSION = YES;
				GCC_WARN_ABOUT_RETURN_TYPE = YES_ERROR;
				GCC_WARN_UNDECLARED_SELECTOR = YES;
				GCC_WARN_UNINITIALIZED_AUTOS = YES_AGGRESSIVE;
				GCC_WARN_UNUSED_FUNCTION = YES;
				GCC_WARN_UNUSED_VARIABLE = YES;
				IPHONEOS_DEPLOYMENT_TARGET = 9.3;
				MTL_ENABLE_DEBUG_INFO = NO;
				SDKROOT = iphoneos;
				TARGETED_DEVICE_FAMILY = "1,2";
				VALIDATE_PRODUCT = YES;
			};
			name = Release;
		};
		86123CDB1D9B382000DB98F8 /* Debug */ = {
			isa = XCBuildConfiguration;
			buildSettings = {
				ASSETCATALOG_COMPILER_APPICON_NAME = AppIcon;
				INFOPLIST_FILE = Project1/Info.plist;
				LD_RUNPATH_SEARCH_PATHS = "$(inherited) @executable_path/Frameworks";
				PRODUCT_BUNDLE_IDENTIFIER = RR.Project1;
				PRODUCT_NAME = "$(TARGET_NAME)";
			};
			name = Debug;
		};
		86123CDC1D9B382000DB98F8 /* Release */ = {
			isa = XCBuildConfiguration;
			buildSettings = {
				ASSETCATALOG_COMPILER_APPICON_NAME = AppIcon;
				INFOPLIST_FILE = Project1/Info.plist;
				LD_RUNPATH_SEARCH_PATHS = "$(inherited) @executable_path/Frameworks";
				PRODUCT_BUNDLE_IDENTIFIER = RR.Project1;
				PRODUCT_NAME = "$(TARGET_NAME)";
			};
			name = Release;
		};
/* End XCBuildConfiguration section */

/* Begin XCConfigurationList section */
		86123CC01D9B381F00DB98F8 /* Build configuration list for PBXProject "Project1" */ = {
			isa = XCConfigurationList;
			buildConfigurations = (
				86123CD81D9B382000DB98F8 /* Debug */,
				86123CD91D9B382000DB98F8 /* Release */,
			);
			defaultConfigurationIsVisible = 0;
			defaultConfigurationName = Release;
		};
		86123CDA1D9B382000DB98F8 /* Build configuration list for PBXNativeTarget "Project1" */ = {
			isa = XCConfigurationList;
			buildConfigurations = (
				86123CDB1D9B382000DB98F8 /* Debug */,
				86123CDC1D9B382000DB98F8 /* Release */,
			);
			defaultConfigurationIsVisible = 0;
			defaultConfigurationName = Release;
		};
/* End XCConfigurationList section */

/* Begin XCVersionGroup section */
		86123CCF1D9B381F00DB98F8 /* Project1.xcdatamodeld */ = {
			isa = XCVersionGroup;
			children = (
				86123CD01D9B381F00DB98F8 /* Project1.xcdatamodel */,
			);
			currentVersion = 86123CD01D9B381F00DB98F8 /* Project1.xcdatamodel */;
			path = Project1.xcdatamodeld;
			sourceTree = "<group>";
			versionGroupType = wrapper.xcdatamodel;
		};
/* End XCVersionGroup section */
	};
	rootObject = 86123CBD1D9B381F00DB98F8 /* Project object */;
}
