// !$*UTF8*$!
{
	archiveVersion = 1;
	classes = {
	};
	objectVersion = 46;
	objects = {

/* Begin PBXBuildFile section */
		868FE2451D7F74660085EDF3 /* AppDelegate.swift in Sources */ = {isa = PBXBuildFile; fileRef = 868FE2441D7F74660085EDF3 /* AppDelegate.swift */; };
		868FE2471D7F74660085EDF3 /* ViewController.swift in Sources */ = {isa = PBXBuildFile; fileRef = 868FE2461D7F74660085EDF3 /* ViewController.swift */; };
		868FE24A1D7F74660085EDF3 /* Main.storyboard in Resources */ = {isa = PBXBuildFile; fileRef = 868FE2481D7F74660085EDF3 /* Main.storyboard */; };
		868FE24C1D7F74660085EDF3 /* Assets.xcassets in Resources */ = {isa = PBXBuildFile; fileRef = 868FE24B1D7F74660085EDF3 /* Assets.xcassets */; };
		868FE24F1D7F74660085EDF3 /* LaunchScreen.storyboard in Resources */ = {isa = PBXBuildFile; fileRef = 868FE24D1D7F74660085EDF3 /* LaunchScreen.storyboard */; };
		868FE25A1D7F74670085EDF3 /* Lab1Tests.swift in Sources */ = {isa = PBXBuildFile; fileRef = 868FE2591D7F74670085EDF3 /* Lab1Tests.swift */; };
		868FE2651D7F74670085EDF3 /* Lab1UITests.swift in Sources */ = {isa = PBXBuildFile; fileRef = 868FE2641D7F74670085EDF3 /* Lab1UITests.swift */; };
/* End PBXBuildFile section */

/* Begin PBXContainerItemProxy section */
		868FE2561D7F74670085EDF3 /* PBXContainerItemProxy */ = {
			isa = PBXContainerItemProxy;
			containerPortal = 868FE2391D7F74660085EDF3 /* Project object */;
			proxyType = 1;
			remoteGlobalIDString = 868FE2401D7F74660085EDF3;
			remoteInfo = Lab1;
		};
		868FE2611D7F74670085EDF3 /* PBXContainerItemProxy */ = {
			isa = PBXContainerItemProxy;
			containerPortal = 868FE2391D7F74660085EDF3 /* Project object */;
			proxyType = 1;
			remoteGlobalIDString = 868FE2401D7F74660085EDF3;
			remoteInfo = Lab1;
		};
/* End PBXContainerItemProxy section */

/* Begin PBXFileReference section */
		868FE2411D7F74660085EDF3 /* Lab1.app */ = {isa = PBXFileReference; explicitFileType = wrapper.application; includeInIndex = 0; path = Lab1.app; sourceTree = BUILT_PRODUCTS_DIR; };
		868FE2441D7F74660085EDF3 /* AppDelegate.swift */ = {isa = PBXFileReference; lastKnownFileType = sourcecode.swift; path = AppDelegate.swift; sourceTree = "<group>"; };
		868FE2461D7F74660085EDF3 /* ViewController.swift */ = {isa = PBXFileReference; lastKnownFileType = sourcecode.swift; path = ViewController.swift; sourceTree = "<group>"; };
		868FE2491D7F74660085EDF3 /* Base */ = {isa = PBXFileReference; lastKnownFileType = file.storyboard; name = Base; path = Base.lproj/Main.storyboard; sourceTree = "<group>"; };
		868FE24B1D7F74660085EDF3 /* Assets.xcassets */ = {isa = PBXFileReference; lastKnownFileType = folder.assetcatalog; path = Assets.xcassets; sourceTree = "<group>"; };
		868FE24E1D7F74660085EDF3 /* Base */ = {isa = PBXFileReference; lastKnownFileType = file.storyboard; name = Base; path = Base.lproj/LaunchScreen.storyboard; sourceTree = "<group>"; };
		868FE2501D7F74660085EDF3 /* Info.plist */ = {isa = PBXFileReference; lastKnownFileType = text.plist.xml; path = Info.plist; sourceTree = "<group>"; };
		868FE2551D7F74670085EDF3 /* Lab1Tests.xctest */ = {isa = PBXFileReference; explicitFileType = wrapper.cfbundle; includeInIndex = 0; path = Lab1Tests.xctest; sourceTree = BUILT_PRODUCTS_DIR; };
		868FE2591D7F74670085EDF3 /* Lab1Tests.swift */ = {isa = PBXFileReference; lastKnownFileType = sourcecode.swift; path = Lab1Tests.swift; sourceTree = "<group>"; };
		868FE25B1D7F74670085EDF3 /* Info.plist */ = {isa = PBXFileReference; lastKnownFileType = text.plist.xml; path = Info.plist; sourceTree = "<group>"; };
		868FE2601D7F74670085EDF3 /* Lab1UITests.xctest */ = {isa = PBXFileReference; explicitFileType = wrapper.cfbundle; includeInIndex = 0; path = Lab1UITests.xctest; sourceTree = BUILT_PRODUCTS_DIR; };
		868FE2641D7F74670085EDF3 /* Lab1UITests.swift */ = {isa = PBXFileReference; lastKnownFileType = sourcecode.swift; path = Lab1UITests.swift; sourceTree = "<group>"; };
		868FE2661D7F74670085EDF3 /* Info.plist */ = {isa = PBXFileReference; lastKnownFileType = text.plist.xml; path = Info.plist; sourceTree = "<group>"; };
/* End PBXFileReference section */

/* Begin PBXFrameworksBuildPhase section */
		868FE23E1D7F74660085EDF3 /* Frameworks */ = {
			isa = PBXFrameworksBuildPhase;
			buildActionMask = 2147483647;
			files = (
			);
			runOnlyForDeploymentPostprocessing = 0;
		};
		868FE2521D7F74670085EDF3 /* Frameworks */ = {
			isa = PBXFrameworksBuildPhase;
			buildActionMask = 2147483647;
			files = (
			);
			runOnlyForDeploymentPostprocessing = 0;
		};
		868FE25D1D7F74670085EDF3 /* Frameworks */ = {
			isa = PBXFrameworksBuildPhase;
			buildActionMask = 2147483647;
			files = (
			);
			runOnlyForDeploymentPostprocessing = 0;
		};
/* End PBXFrameworksBuildPhase section */

/* Begin PBXGroup section */
		868FE2381D7F74660085EDF3 = {
			isa = PBXGroup;
			children = (
				868FE2431D7F74660085EDF3 /* Lab1 */,
				868FE2581D7F74670085EDF3 /* Lab1Tests */,
				868FE2631D7F74670085EDF3 /* Lab1UITests */,
				868FE2421D7F74660085EDF3 /* Products */,
			);
			sourceTree = "<group>";
		};
		868FE2421D7F74660085EDF3 /* Products */ = {
			isa = PBXGroup;
			children = (
				868FE2411D7F74660085EDF3 /* Lab1.app */,
				868FE2551D7F74670085EDF3 /* Lab1Tests.xctest */,
				868FE2601D7F74670085EDF3 /* Lab1UITests.xctest */,
			);
			name = Products;
			sourceTree = "<group>";
		};
		868FE2431D7F74660085EDF3 /* Lab1 */ = {
			isa = PBXGroup;
			children = (
				868FE2441D7F74660085EDF3 /* AppDelegate.swift */,
				868FE2461D7F74660085EDF3 /* ViewController.swift */,
				868FE2481D7F74660085EDF3 /* Main.storyboard */,
				868FE24B1D7F74660085EDF3 /* Assets.xcassets */,
				868FE24D1D7F74660085EDF3 /* LaunchScreen.storyboard */,
				868FE2501D7F74660085EDF3 /* Info.plist */,
			);
			path = Lab1;
			sourceTree = "<group>";
		};
		868FE2581D7F74670085EDF3 /* Lab1Tests */ = {
			isa = PBXGroup;
			children = (
				868FE2591D7F74670085EDF3 /* Lab1Tests.swift */,
				868FE25B1D7F74670085EDF3 /* Info.plist */,
			);
			path = Lab1Tests;
			sourceTree = "<group>";
		};
		868FE2631D7F74670085EDF3 /* Lab1UITests */ = {
			isa = PBXGroup;
			children = (
				868FE2641D7F74670085EDF3 /* Lab1UITests.swift */,
				868FE2661D7F74670085EDF3 /* Info.plist */,
			);
			path = Lab1UITests;
			sourceTree = "<group>";
		};
/* End PBXGroup section */

/* Begin PBXNativeTarget section */
		868FE2401D7F74660085EDF3 /* Lab1 */ = {
			isa = PBXNativeTarget;
			buildConfigurationList = 868FE2691D7F74670085EDF3 /* Build configuration list for PBXNativeTarget "Lab1" */;
			buildPhases = (
				868FE23D1D7F74660085EDF3 /* Sources */,
				868FE23E1D7F74660085EDF3 /* Frameworks */,
				868FE23F1D7F74660085EDF3 /* Resources */,
			);
			buildRules = (
			);
			dependencies = (
			);
			name = Lab1;
			productName = Lab1;
			productReference = 868FE2411D7F74660085EDF3 /* Lab1.app */;
			productType = "com.apple.product-type.application";
		};
		868FE2541D7F74670085EDF3 /* Lab1Tests */ = {
			isa = PBXNativeTarget;
			buildConfigurationList = 868FE26C1D7F74670085EDF3 /* Build configuration list for PBXNativeTarget "Lab1Tests" */;
			buildPhases = (
				868FE2511D7F74670085EDF3 /* Sources */,
				868FE2521D7F74670085EDF3 /* Frameworks */,
				868FE2531D7F74670085EDF3 /* Resources */,
			);
			buildRules = (
			);
			dependencies = (
				868FE2571D7F74670085EDF3 /* PBXTargetDependency */,
			);
			name = Lab1Tests;
			productName = Lab1Tests;
			productReference = 868FE2551D7F74670085EDF3 /* Lab1Tests.xctest */;
			productType = "com.apple.product-type.bundle.unit-test";
		};
		868FE25F1D7F74670085EDF3 /* Lab1UITests */ = {
			isa = PBXNativeTarget;
			buildConfigurationList = 868FE26F1D7F74670085EDF3 /* Build configuration list for PBXNativeTarget "Lab1UITests" */;
			buildPhases = (
				868FE25C1D7F74670085EDF3 /* Sources */,
				868FE25D1D7F74670085EDF3 /* Frameworks */,
				868FE25E1D7F74670085EDF3 /* Resources */,
			);
			buildRules = (
			);
			dependencies = (
				868FE2621D7F74670085EDF3 /* PBXTargetDependency */,
			);
			name = Lab1UITests;
			productName = Lab1UITests;
			productReference = 868FE2601D7F74670085EDF3 /* Lab1UITests.xctest */;
			productType = "com.apple.product-type.bundle.ui-testing";
		};
/* End PBXNativeTarget section */

/* Begin PBXProject section */
		868FE2391D7F74660085EDF3 /* Project object */ = {
			isa = PBXProject;
			attributes = {
				LastSwiftUpdateCheck = 0730;
				LastUpgradeCheck = 0730;
				ORGANIZATIONNAME = "Rabin Ranabhat";
				TargetAttributes = {
					868FE2401D7F74660085EDF3 = {
						CreatedOnToolsVersion = 7.3.1;
					};
					868FE2541D7F74670085EDF3 = {
						CreatedOnToolsVersion = 7.3.1;
						TestTargetID = 868FE2401D7F74660085EDF3;
					};
					868FE25F1D7F74670085EDF3 = {
						CreatedOnToolsVersion = 7.3.1;
						TestTargetID = 868FE2401D7F74660085EDF3;
					};
				};
			};
			buildConfigurationList = 868FE23C1D7F74660085EDF3 /* Build configuration list for PBXProject "Lab1" */;
			compatibilityVersion = "Xcode 3.2";
			developmentRegion = English;
			hasScannedForEncodings = 0;
			knownRegions = (
				en,
				Base,
			);
			mainGroup = 868FE2381D7F74660085EDF3;
			productRefGroup = 868FE2421D7F74660085EDF3 /* Products */;
			projectDirPath = "";
			projectRoot = "";
			targets = (
				868FE2401D7F74660085EDF3 /* Lab1 */,
				868FE2541D7F74670085EDF3 /* Lab1Tests */,
				868FE25F1D7F74670085EDF3 /* Lab1UITests */,
			);
		};
/* End PBXProject section */

/* Begin PBXResourcesBuildPhase section */
		868FE23F1D7F74660085EDF3 /* Resources */ = {
			isa = PBXResourcesBuildPhase;
			buildActionMask = 2147483647;
			files = (
				868FE24F1D7F74660085EDF3 /* LaunchScreen.storyboard in Resources */,
				868FE24C1D7F74660085EDF3 /* Assets.xcassets in Resources */,
				868FE24A1D7F74660085EDF3 /* Main.storyboard in Resources */,
			);
			runOnlyForDeploymentPostprocessing = 0;
		};
		868FE2531D7F74670085EDF3 /* Resources */ = {
			isa = PBXResourcesBuildPhase;
			buildActionMask = 2147483647;
			files = (
			);
			runOnlyForDeploymentPostprocessing = 0;
		};
		868FE25E1D7F74670085EDF3 /* Resources */ = {
			isa = PBXResourcesBuildPhase;
			buildActionMask = 2147483647;
			files = (
			);
			runOnlyForDeploymentPostprocessing = 0;
		};
/* End PBXResourcesBuildPhase section */

/* Begin PBXSourcesBuildPhase section */
		868FE23D1D7F74660085EDF3 /* Sources */ = {
			isa = PBXSourcesBuildPhase;
			buildActionMask = 2147483647;
			files = (
				868FE2471D7F74660085EDF3 /* ViewController.swift in Sources */,
				868FE2451D7F74660085EDF3 /* AppDelegate.swift in Sources */,
			);
			runOnlyForDeploymentPostprocessing = 0;
		};
		868FE2511D7F74670085EDF3 /* Sources */ = {
			isa = PBXSourcesBuildPhase;
			buildActionMask = 2147483647;
			files = (
				868FE25A1D7F74670085EDF3 /* Lab1Tests.swift in Sources */,
			);
			runOnlyForDeploymentPostprocessing = 0;
		};
		868FE25C1D7F74670085EDF3 /* Sources */ = {
			isa = PBXSourcesBuildPhase;
			buildActionMask = 2147483647;
			files = (
				868FE2651D7F74670085EDF3 /* Lab1UITests.swift in Sources */,
			);
			runOnlyForDeploymentPostprocessing = 0;
		};
/* End PBXSourcesBuildPhase section */

/* Begin PBXTargetDependency section */
		868FE2571D7F74670085EDF3 /* PBXTargetDependency */ = {
			isa = PBXTargetDependency;
			target = 868FE2401D7F74660085EDF3 /* Lab1 */;
			targetProxy = 868FE2561D7F74670085EDF3 /* PBXContainerItemProxy */;
		};
		868FE2621D7F74670085EDF3 /* PBXTargetDependency */ = {
			isa = PBXTargetDependency;
			target = 868FE2401D7F74660085EDF3 /* Lab1 */;
			targetProxy = 868FE2611D7F74670085EDF3 /* PBXContainerItemProxy */;
		};
/* End PBXTargetDependency section */

/* Begin PBXVariantGroup section */
		868FE2481D7F74660085EDF3 /* Main.storyboard */ = {
			isa = PBXVariantGroup;
			children = (
				868FE2491D7F74660085EDF3 /* Base */,
			);
			name = Main.storyboard;
			sourceTree = "<group>";
		};
		868FE24D1D7F74660085EDF3 /* LaunchScreen.storyboard */ = {
			isa = PBXVariantGroup;
			children = (
				868FE24E1D7F74660085EDF3 /* Base */,
			);
			name = LaunchScreen.storyboard;
			sourceTree = "<group>";
		};
/* End PBXVariantGroup section */

/* Begin XCBuildConfiguration section */
		868FE2671D7F74670085EDF3 /* Debug */ = {
			isa = XCBuildConfiguration;
			buildSettings = {
				ALWAYS_SEARCH_USER_PATHS = NO;
				CLANG_ANALYZER_NONNULL = YES;
				CLANG_CXX_LANGUAGE_STANDARD = "gnu++0x";
				CLANG_CXX_LIBRARY = "libc++";
				CLANG_ENABLE_MODULES = YES;
				CLANG_ENABLE_OBJC_ARC = YES;
				CLANG_WARN_BOOL_CONVERSION = YES;
				CLANG_WARN_CONSTANT_CONVERSION = YES;
				CLANG_WARN_DIRECT_OBJC_ISA_USAGE = YES_ERROR;
				CLANG_WARN_EMPTY_BODY = YES;
				CLANG_WARN_ENUM_CONVERSION = YES;
				CLANG_WARN_INT_CONVERSION = YES;
				CLANG_WARN_OBJC_ROOT_CLASS = YES_ERROR;
				CLANG_WARN_UNREACHABLE_CODE = YES;
				CLANG_WARN__DUPLICATE_METHOD_MATCH = YES;
				"CODE_SIGN_IDENTITY[sdk=iphoneos*]" = "iPhone Developer";
				COPY_PHASE_STRIP = NO;
				DEBUG_INFORMATION_FORMAT = dwarf;
				ENABLE_STRICT_OBJC_MSGSEND = YES;
				ENABLE_TESTABILITY = YES;
				GCC_C_LANGUAGE_STANDARD = gnu99;
				GCC_DYNAMIC_NO_PIC = NO;
				GCC_NO_COMMON_BLOCKS = YES;
				GCC_OPTIMIZATION_LEVEL = 0;
				GCC_PREPROCESSOR_DEFINITIONS = (
					"DEBUG=1",
					"$(inherited)",
				);
				GCC_WARN_64_TO_32_BIT_CONVERSION = YES;
				GCC_WARN_ABOUT_RETURN_TYPE = YES_ERROR;
				GCC_WARN_UNDECLARED_SELECTOR = YES;
				GCC_WARN_UNINITIALIZED_AUTOS = YES_AGGRESSIVE;
				GCC_WARN_UNUSED_FUNCTION = YES;
				GCC_WARN_UNUSED_VARIABLE = YES;
				IPHONEOS_DEPLOYMENT_TARGET = 9.3;
				MTL_ENABLE_DEBUG_INFO = YES;
				ONLY_ACTIVE_ARCH = YES;
				SDKROOT = iphoneos;
				SWIFT_OPTIMIZATION_LEVEL = "-Onone";
				TARGETED_DEVICE_FAMILY = "1,2";
			};
			name = Debug;
		};
		868FE2681D7F74670085EDF3 /* Release */ = {
			isa = XCBuildConfiguration;
			buildSettings = {
				ALWAYS_SEARCH_USER_PATHS = NO;
				CLANG_ANALYZER_NONNULL = YES;
				CLANG_CXX_LANGUAGE_STANDARD = "gnu++0x";
				CLANG_CXX_LIBRARY = "libc++";
				CLANG_ENABLE_MODULES = YES;
				CLANG_ENABLE_OBJC_ARC = YES;
				CLANG_WARN_BOOL_CONVERSION = YES;
				CLANG_WARN_CONSTANT_CONVERSION = YES;
				CLANG_WARN_DIRECT_OBJC_ISA_USAGE = YES_ERROR;
				CLANG_WARN_EMPTY_BODY = YES;
				CLANG_WARN_ENUM_CONVERSION = YES;
				CLANG_WARN_INT_CONVERSION = YES;
				CLANG_WARN_OBJC_ROOT_CLASS = YES_ERROR;
				CLANG_WARN_UNREACHABLE_CODE = YES;
				CLANG_WARN__DUPLICATE_METHOD_MATCH = YES;
				"CODE_SIGN_IDENTITY[sdk=iphoneos*]" = "iPhone Developer";
				COPY_PHASE_STRIP = NO;
				DEBUG_INFORMATION_FORMAT = "dwarf-with-dsym";
				ENABLE_NS_ASSERTIONS = NO;
				ENABLE_STRICT_OBJC_MSGSEND = YES;
				GCC_C_LANGUAGE_STANDARD = gnu99;
				GCC_NO_COMMON_BLOCKS = YES;
				GCC_WARN_64_TO_32_BIT_CONVERSION = YES;
				GCC_WARN_ABOUT_RETURN_TYPE = YES_ERROR;
				GCC_WARN_UNDECLARED_SELECTOR = YES;
				GCC_WARN_UNINITIALIZED_AUTOS = YES_AGGRESSIVE;
				GCC_WARN_UNUSED_FUNCTION = YES;
				GCC_WARN_UNUSED_VARIABLE = YES;
				IPHONEOS_DEPLOYMENT_TARGET = 9.3;
				MTL_ENABLE_DEBUG_INFO = NO;
				SDKROOT = iphoneos;
				TARGETED_DEVICE_FAMILY = "1,2";
				VALIDATE_PRODUCT = YES;
			};
			name = Release;
		};
		868FE26A1D7F74670085EDF3 /* Debug */ = {
			isa = XCBuildConfiguration;
			buildSettings = {
				ASSETCATALOG_COMPILER_APPICON_NAME = AppIcon;
				INFOPLIST_FILE = Lab1/Info.plist;
				LD_RUNPATH_SEARCH_PATHS = "$(inherited) @executable_path/Frameworks";
				PRODUCT_BUNDLE_IDENTIFIER = CUBoulder.Lab1;
				PRODUCT_NAME = "$(TARGET_NAME)";
			};
			name = Debug;
		};
		868FE26B1D7F74670085EDF3 /* Release */ = {
			isa = XCBuildConfiguration;
			buildSettings = {
				ASSETCATALOG_COMPILER_APPICON_NAME = AppIcon;
				INFOPLIST_FILE = Lab1/Info.plist;
				LD_RUNPATH_SEARCH_PATHS = "$(inherited) @executable_path/Frameworks";
				PRODUCT_BUNDLE_IDENTIFIER = CUBoulder.Lab1;
				PRODUCT_NAME = "$(TARGET_NAME)";
			};
			name = Release;
		};
		868FE26D1D7F74670085EDF3 /* Debug */ = {
			isa = XCBuildConfiguration;
			buildSettings = {
				BUNDLE_LOADER = "$(TEST_HOST)";
				INFOPLIST_FILE = Lab1Tests/Info.plist;
				LD_RUNPATH_SEARCH_PATHS = "$(inherited) @executable_path/Frameworks @loader_path/Frameworks";
				PRODUCT_BUNDLE_IDENTIFIER = CUBoulder.Lab1Tests;
				PRODUCT_NAME = "$(TARGET_NAME)";
				TEST_HOST = "$(BUILT_PRODUCTS_DIR)/Lab1.app/Lab1";
			};
			name = Debug;
		};
		868FE26E1D7F74670085EDF3 /* Release */ = {
			isa = XCBuildConfiguration;
			buildSettings = {
				BUNDLE_LOADER = "$(TEST_HOST)";
				INFOPLIST_FILE = Lab1Tests/Info.plist;
				LD_RUNPATH_SEARCH_PATHS = "$(inherited) @executable_path/Frameworks @loader_path/Frameworks";
				PRODUCT_BUNDLE_IDENTIFIER = CUBoulder.Lab1Tests;
				PRODUCT_NAME = "$(TARGET_NAME)";
				TEST_HOST = "$(BUILT_PRODUCTS_DIR)/Lab1.app/Lab1";
			};
			name = Release;
		};
		868FE2701D7F74670085EDF3 /* Debug */ = {
			isa = XCBuildConfiguration;
			buildSettings = {
				INFOPLIST_FILE = Lab1UITests/Info.plist;
				LD_RUNPATH_SEARCH_PATHS = "$(inherited) @executable_path/Frameworks @loader_path/Frameworks";
				PRODUCT_BUNDLE_IDENTIFIER = CUBoulder.Lab1UITests;
				PRODUCT_NAME = "$(TARGET_NAME)";
				TEST_TARGET_NAME = Lab1;
			};
			name = Debug;
		};
		868FE2711D7F74670085EDF3 /* Release */ = {
			isa = XCBuildConfiguration;
			buildSettings = {
				INFOPLIST_FILE = Lab1UITests/Info.plist;
				LD_RUNPATH_SEARCH_PATHS = "$(inherited) @executable_path/Frameworks @loader_path/Frameworks";
				PRODUCT_BUNDLE_IDENTIFIER = CUBoulder.Lab1UITests;
				PRODUCT_NAME = "$(TARGET_NAME)";
				TEST_TARGET_NAME = Lab1;
			};
			name = Release;
		};
/* End XCBuildConfiguration section */

/* Begin XCConfigurationList section */
		868FE23C1D7F74660085EDF3 /* Build configuration list for PBXProject "Lab1" */ = {
			isa = XCConfigurationList;
			buildConfigurations = (
				868FE2671D7F74670085EDF3 /* Debug */,
				868FE2681D7F74670085EDF3 /* Release */,
			);
			defaultConfigurationIsVisible = 0;
			defaultConfigurationName = Release;
		};
		868FE2691D7F74670085EDF3 /* Build configuration list for PBXNativeTarget "Lab1" */ = {
			isa = XCConfigurationList;
			buildConfigurations = (
				868FE26A1D7F74670085EDF3 /* Debug */,
				868FE26B1D7F74670085EDF3 /* Release */,
			);
			defaultConfigurationIsVisible = 0;
		};
		868FE26C1D7F74670085EDF3 /* Build configuration list for PBXNativeTarget "Lab1Tests" */ = {
			isa = XCConfigurationList;
			buildConfigurations = (
				868FE26D1D7F74670085EDF3 /* Debug */,
				868FE26E1D7F74670085EDF3 /* Release */,
			);
			defaultConfigurationIsVisible = 0;
		};
		868FE26F1D7F74670085EDF3 /* Build configuration list for PBXNativeTarget "Lab1UITests" */ = {
			isa = XCConfigurationList;
			buildConfigurations = (
				868FE2701D7F74670085EDF3 /* Debug */,
				868FE2711D7F74670085EDF3 /* Release */,
			);
			defaultConfigurationIsVisible = 0;
		};
/* End XCConfigurationList section */
	};
	rootObject = 868FE2391D7F74660085EDF3 /* Project object */;
}
